// !$*UTF8*$!
{
	archiveVersion = 1;
	classes = {
	};
	objectVersion = 60;
	objects = {

/* Begin PBXBuildFile section */
		93782DCC2B4B98F900D16F44 /* SingleTicTacToeApp.swift in Sources */ = {isa = PBXBuildFile; fileRef = 93782DCB2B4B98F900D16F44 /* SingleTicTacToeApp.swift */; };
		93782DD02B4B98FA00D16F44 /* Assets.xcassets in Resources */ = {isa = PBXBuildFile; fileRef = 93782DCF2B4B98FA00D16F44 /* Assets.xcassets */; };
		93782DD32B4B98FA00D16F44 /* Preview Assets.xcassets in Resources */ = {isa = PBXBuildFile; fileRef = 93782DD22B4B98FA00D16F44 /* Preview Assets.xcassets */; };
		93782DDB2B4B994700D16F44 /* LinkNavigator in Frameworks */ = {isa = PBXBuildFile; productRef = 93782DDA2B4B994700D16F44 /* LinkNavigator */; };
		93782DDE2B4B995400D16F44 /* PageTemplate in Frameworks */ = {isa = PBXBuildFile; productRef = 93782DDD2B4B995400D16F44 /* PageTemplate */; };
		93782DE02B4B9C0100D16F44 /* AppDependency.swift in Sources */ = {isa = PBXBuildFile; fileRef = 93782DDF2B4B9C0100D16F44 /* AppDependency.swift */; };
		93782DE22B4B9C0D00D16F44 /* AppRouterGroup.swift in Sources */ = {isa = PBXBuildFile; fileRef = 93782DE12B4B9C0D00D16F44 /* AppRouterGroup.swift */; };
		93782DE62B4B9CCC00D16F44 /* HomeView.swift in Sources */ = {isa = PBXBuildFile; fileRef = 93782DE52B4B9CCC00D16F44 /* HomeView.swift */; };
		93782DE82B4B9CDE00D16F44 /* HomeRouteBuilder.swift in Sources */ = {isa = PBXBuildFile; fileRef = 93782DE72B4B9CDE00D16F44 /* HomeRouteBuilder.swift */; };
		93782DEB2B4B9D0200D16F44 /* PathIndicator.swift in Sources */ = {isa = PBXBuildFile; fileRef = 93782DEA2B4B9D0200D16F44 /* PathIndicator.swift */; };
		93782DEE2B4BA31500D16F44 /* LoginView.swift in Sources */ = {isa = PBXBuildFile; fileRef = 93782DED2B4BA31500D16F44 /* LoginView.swift */; };
		93782DF02B4BA32100D16F44 /* LoginRouteBuilder.swift in Sources */ = {isa = PBXBuildFile; fileRef = 93782DEF2B4BA32100D16F44 /* LoginRouteBuilder.swift */; };
		93782DF32B4BA3C300D16F44 /* NewGameView.swift in Sources */ = {isa = PBXBuildFile; fileRef = 93782DF22B4BA3C300D16F44 /* NewGameView.swift */; };
		93782DF52B4BA3C800D16F44 /* NewGameRouteBuilder.swift in Sources */ = {isa = PBXBuildFile; fileRef = 93782DF42B4BA3C800D16F44 /* NewGameRouteBuilder.swift */; };
		93782DF82B4BA40300D16F44 /* GameView.swift in Sources */ = {isa = PBXBuildFile; fileRef = 93782DF72B4BA40300D16F44 /* GameView.swift */; };
		93782DFA2B4BA40B00D16F44 /* GameRoutebuilder.swift in Sources */ = {isa = PBXBuildFile; fileRef = 93782DF92B4BA40B00D16F44 /* GameRoutebuilder.swift */; };
/* End PBXBuildFile section */

/* Begin PBXFileReference section */
		93782DC82B4B98F900D16F44 /* SingleTicTacToe.app */ = {isa = PBXFileReference; explicitFileType = wrapper.application; includeInIndex = 0; path = SingleTicTacToe.app; sourceTree = BUILT_PRODUCTS_DIR; };
		93782DCB2B4B98F900D16F44 /* SingleTicTacToeApp.swift */ = {isa = PBXFileReference; lastKnownFileType = sourcecode.swift; path = SingleTicTacToeApp.swift; sourceTree = "<group>"; };
		93782DCF2B4B98FA00D16F44 /* Assets.xcassets */ = {isa = PBXFileReference; lastKnownFileType = folder.assetcatalog; path = Assets.xcassets; sourceTree = "<group>"; };
		93782DD22B4B98FA00D16F44 /* Preview Assets.xcassets */ = {isa = PBXFileReference; lastKnownFileType = folder.assetcatalog; path = "Preview Assets.xcassets"; sourceTree = "<group>"; };
		93782DDF2B4B9C0100D16F44 /* AppDependency.swift */ = {isa = PBXFileReference; lastKnownFileType = sourcecode.swift; path = AppDependency.swift; sourceTree = "<group>"; };
		93782DE12B4B9C0D00D16F44 /* AppRouterGroup.swift */ = {isa = PBXFileReference; lastKnownFileType = sourcecode.swift; path = AppRouterGroup.swift; sourceTree = "<group>"; };
		93782DE52B4B9CCC00D16F44 /* HomeView.swift */ = {isa = PBXFileReference; lastKnownFileType = sourcecode.swift; path = HomeView.swift; sourceTree = "<group>"; };
		93782DE72B4B9CDE00D16F44 /* HomeRouteBuilder.swift */ = {isa = PBXFileReference; lastKnownFileType = sourcecode.swift; path = HomeRouteBuilder.swift; sourceTree = "<group>"; };
		93782DEA2B4B9D0200D16F44 /* PathIndicator.swift */ = {isa = PBXFileReference; lastKnownFileType = sourcecode.swift; path = PathIndicator.swift; sourceTree = "<group>"; };
		93782DED2B4BA31500D16F44 /* LoginView.swift */ = {isa = PBXFileReference; lastKnownFileType = sourcecode.swift; path = LoginView.swift; sourceTree = "<group>"; };
		93782DEF2B4BA32100D16F44 /* LoginRouteBuilder.swift */ = {isa = PBXFileReference; lastKnownFileType = sourcecode.swift; path = LoginRouteBuilder.swift; sourceTree = "<group>"; };
		93782DF22B4BA3C300D16F44 /* NewGameView.swift */ = {isa = PBXFileReference; lastKnownFileType = sourcecode.swift; path = NewGameView.swift; sourceTree = "<group>"; };
		93782DF42B4BA3C800D16F44 /* NewGameRouteBuilder.swift */ = {isa = PBXFileReference; lastKnownFileType = sourcecode.swift; path = NewGameRouteBuilder.swift; sourceTree = "<group>"; };
		93782DF72B4BA40300D16F44 /* GameView.swift */ = {isa = PBXFileReference; lastKnownFileType = sourcecode.swift; path = GameView.swift; sourceTree = "<group>"; };
		93782DF92B4BA40B00D16F44 /* GameRoutebuilder.swift */ = {isa = PBXFileReference; lastKnownFileType = sourcecode.swift; path = GameRoutebuilder.swift; sourceTree = "<group>"; };
/* End PBXFileReference section */

/* Begin PBXFrameworksBuildPhase section */
		93782DC52B4B98F900D16F44 /* Frameworks */ = {
			isa = PBXFrameworksBuildPhase;
			buildActionMask = 2147483647;
			files = (
				93782DDB2B4B994700D16F44 /* LinkNavigator in Frameworks */,
				93782DDE2B4B995400D16F44 /* PageTemplate in Frameworks */,
			);
			runOnlyForDeploymentPostprocessing = 0;
		};
/* End PBXFrameworksBuildPhase section */

/* Begin PBXGroup section */
		93782DBF2B4B98F900D16F44 = {
			isa = PBXGroup;
			children = (
				93782DCA2B4B98F900D16F44 /* SingleTicTacToe */,
				93782DC92B4B98F900D16F44 /* Products */,
			);
			sourceTree = "<group>";
		};
		93782DC92B4B98F900D16F44 /* Products */ = {
			isa = PBXGroup;
			children = (
				93782DC82B4B98F900D16F44 /* SingleTicTacToe.app */,
			);
			name = Products;
			sourceTree = "<group>";
		};
		93782DCA2B4B98F900D16F44 /* SingleTicTacToe */ = {
			isa = PBXGroup;
			children = (
				93782DE92B4B9CF300D16F44 /* Component */,
				93782DE32B4B9CB500D16F44 /* Page */,
				93782DCB2B4B98F900D16F44 /* SingleTicTacToeApp.swift */,
				93782DDF2B4B9C0100D16F44 /* AppDependency.swift */,
				93782DE12B4B9C0D00D16F44 /* AppRouterGroup.swift */,
				93782DCF2B4B98FA00D16F44 /* Assets.xcassets */,
				93782DD12B4B98FA00D16F44 /* Preview Content */,
			);
			path = SingleTicTacToe;
			sourceTree = "<group>";
		};
		93782DD12B4B98FA00D16F44 /* Preview Content */ = {
			isa = PBXGroup;
			children = (
				93782DD22B4B98FA00D16F44 /* Preview Assets.xcassets */,
			);
			path = "Preview Content";
			sourceTree = "<group>";
		};
		93782DE32B4B9CB500D16F44 /* Page */ = {
			isa = PBXGroup;
			children = (
				93782DE42B4B9CC000D16F44 /* Home */,
				93782DEC2B4BA30C00D16F44 /* Login */,
				93782DF12B4BA3BA00D16F44 /* NewGame */,
				93782DF62B4BA3FE00D16F44 /* Game */,
			);
			path = Page;
			sourceTree = "<group>";
		};
		93782DE42B4B9CC000D16F44 /* Home */ = {
			isa = PBXGroup;
			children = (
				93782DE52B4B9CCC00D16F44 /* HomeView.swift */,
				93782DE72B4B9CDE00D16F44 /* HomeRouteBuilder.swift */,
			);
			path = Home;
			sourceTree = "<group>";
		};
		93782DE92B4B9CF300D16F44 /* Component */ = {
			isa = PBXGroup;
			children = (
				93782DEA2B4B9D0200D16F44 /* PathIndicator.swift */,
			);
			path = Component;
			sourceTree = "<group>";
		};
		93782DEC2B4BA30C00D16F44 /* Login */ = {
			isa = PBXGroup;
			children = (
				93782DED2B4BA31500D16F44 /* LoginView.swift */,
				93782DEF2B4BA32100D16F44 /* LoginRouteBuilder.swift */,
			);
			path = Login;
			sourceTree = "<group>";
		};
		93782DF12B4BA3BA00D16F44 /* NewGame */ = {
			isa = PBXGroup;
			children = (
				93782DF22B4BA3C300D16F44 /* NewGameView.swift */,
				93782DF42B4BA3C800D16F44 /* NewGameRouteBuilder.swift */,
			);
			path = NewGame;
			sourceTree = "<group>";
		};
		93782DF62B4BA3FE00D16F44 /* Game */ = {
			isa = PBXGroup;
			children = (
				93782DF72B4BA40300D16F44 /* GameView.swift */,
				93782DF92B4BA40B00D16F44 /* GameRoutebuilder.swift */,
			);
			path = Game;
			sourceTree = "<group>";
		};
/* End PBXGroup section */

/* Begin PBXNativeTarget section */
		93782DC72B4B98F900D16F44 /* SingleTicTacToe */ = {
			isa = PBXNativeTarget;
			buildConfigurationList = 93782DD62B4B98FA00D16F44 /* Build configuration list for PBXNativeTarget "SingleTicTacToe" */;
			buildPhases = (
				93782DC42B4B98F900D16F44 /* Sources */,
				93782DC52B4B98F900D16F44 /* Frameworks */,
				93782DC62B4B98F900D16F44 /* Resources */,
			);
			buildRules = (
			);
			dependencies = (
			);
			name = SingleTicTacToe;
			packageProductDependencies = (
				93782DDA2B4B994700D16F44 /* LinkNavigator */,
				93782DDD2B4B995400D16F44 /* PageTemplate */,
			);
			productName = SingleTicTacToe;
			productReference = 93782DC82B4B98F900D16F44 /* SingleTicTacToe.app */;
			productType = "com.apple.product-type.application";
		};
/* End PBXNativeTarget section */

/* Begin PBXProject section */
		93782DC02B4B98F900D16F44 /* Project object */ = {
			isa = PBXProject;
			attributes = {
				BuildIndependentTargetsInParallel = 1;
				LastSwiftUpdateCheck = 1510;
				LastUpgradeCheck = 1510;
				TargetAttributes = {
					93782DC72B4B98F900D16F44 = {
						CreatedOnToolsVersion = 15.1;
					};
				};
			};
			buildConfigurationList = 93782DC32B4B98F900D16F44 /* Build configuration list for PBXProject "03-SingleTicTacToe" */;
			compatibilityVersion = "Xcode 14.0";
			developmentRegion = en;
			hasScannedForEncodings = 0;
			knownRegions = (
				en,
				Base,
			);
			mainGroup = 93782DBF2B4B98F900D16F44;
			packageReferences = (
				93782DD92B4B994700D16F44 /* XCLocalSwiftPackageReference "../../.." */,
				93782DDC2B4B995400D16F44 /* XCLocalSwiftPackageReference "../../Shared/PageTemplate" */,
			);
			productRefGroup = 93782DC92B4B98F900D16F44 /* Products */;
			projectDirPath = "";
			projectRoot = "";
			targets = (
				93782DC72B4B98F900D16F44 /* SingleTicTacToe */,
			);
		};
/* End PBXProject section */

/* Begin PBXResourcesBuildPhase section */
		93782DC62B4B98F900D16F44 /* Resources */ = {
			isa = PBXResourcesBuildPhase;
			buildActionMask = 2147483647;
			files = (
				93782DD32B4B98FA00D16F44 /* Preview Assets.xcassets in Resources */,
				93782DD02B4B98FA00D16F44 /* Assets.xcassets in Resources */,
			);
			runOnlyForDeploymentPostprocessing = 0;
		};
/* End PBXResourcesBuildPhase section */

/* Begin PBXSourcesBuildPhase section */
		93782DC42B4B98F900D16F44 /* Sources */ = {
			isa = PBXSourcesBuildPhase;
			buildActionMask = 2147483647;
			files = (
				93782DE02B4B9C0100D16F44 /* AppDependency.swift in Sources */,
				93782DFA2B4BA40B00D16F44 /* GameRoutebuilder.swift in Sources */,
				93782DF02B4BA32100D16F44 /* LoginRouteBuilder.swift in Sources */,
				93782DF52B4BA3C800D16F44 /* NewGameRouteBuilder.swift in Sources */,
				93782DE22B4B9C0D00D16F44 /* AppRouterGroup.swift in Sources */,
				93782DE62B4B9CCC00D16F44 /* HomeView.swift in Sources */,
				93782DEB2B4B9D0200D16F44 /* PathIndicator.swift in Sources */,
				93782DE82B4B9CDE00D16F44 /* HomeRouteBuilder.swift in Sources */,
				93782DF32B4BA3C300D16F44 /* NewGameView.swift in Sources */,
				93782DEE2B4BA31500D16F44 /* LoginView.swift in Sources */,
				93782DF82B4BA40300D16F44 /* GameView.swift in Sources */,
				93782DCC2B4B98F900D16F44 /* SingleTicTacToeApp.swift in Sources */,
			);
			runOnlyForDeploymentPostprocessing = 0;
		};
/* End PBXSourcesBuildPhase section */

/* Begin XCBuildConfiguration section */
		93782DD42B4B98FA00D16F44 /* Debug */ = {
			isa = XCBuildConfiguration;
			buildSettings = {
				ALWAYS_SEARCH_USER_PATHS = NO;
				ASSETCATALOG_COMPILER_GENERATE_SWIFT_ASSET_SYMBOL_EXTENSIONS = YES;
				CLANG_ANALYZER_NONNULL = YES;
				CLANG_ANALYZER_NUMBER_OBJECT_CONVERSION = YES_AGGRESSIVE;
				CLANG_CXX_LANGUAGE_STANDARD = "gnu++20";
				CLANG_ENABLE_MODULES = YES;
				CLANG_ENABLE_OBJC_ARC = YES;
				CLANG_ENABLE_OBJC_WEAK = YES;
				CLANG_WARN_BLOCK_CAPTURE_AUTORELEASING = YES;
				CLANG_WARN_BOOL_CONVERSION = YES;
				CLANG_WARN_COMMA = YES;
				CLANG_WARN_CONSTANT_CONVERSION = YES;
				CLANG_WARN_DEPRECATED_OBJC_IMPLEMENTATIONS = YES;
				CLANG_WARN_DIRECT_OBJC_ISA_USAGE = YES_ERROR;
				CLANG_WARN_DOCUMENTATION_COMMENTS = YES;
				CLANG_WARN_EMPTY_BODY = YES;
				CLANG_WARN_ENUM_CONVERSION = YES;
				CLANG_WARN_INFINITE_RECURSION = YES;
				CLANG_WARN_INT_CONVERSION = YES;
				CLANG_WARN_NON_LITERAL_NULL_CONVERSION = YES;
				CLANG_WARN_OBJC_IMPLICIT_RETAIN_SELF = YES;
				CLANG_WARN_OBJC_LITERAL_CONVERSION = YES;
				CLANG_WARN_OBJC_ROOT_CLASS = YES_ERROR;
				CLANG_WARN_QUOTED_INCLUDE_IN_FRAMEWORK_HEADER = YES;
				CLANG_WARN_RANGE_LOOP_ANALYSIS = YES;
				CLANG_WARN_STRICT_PROTOTYPES = YES;
				CLANG_WARN_SUSPICIOUS_MOVE = YES;
				CLANG_WARN_UNGUARDED_AVAILABILITY = YES_AGGRESSIVE;
				CLANG_WARN_UNREACHABLE_CODE = YES;
				CLANG_WARN__DUPLICATE_METHOD_MATCH = YES;
				COPY_PHASE_STRIP = NO;
				DEBUG_INFORMATION_FORMAT = dwarf;
				ENABLE_STRICT_OBJC_MSGSEND = YES;
				ENABLE_TESTABILITY = YES;
				ENABLE_USER_SCRIPT_SANDBOXING = YES;
				GCC_C_LANGUAGE_STANDARD = gnu17;
				GCC_DYNAMIC_NO_PIC = NO;
				GCC_NO_COMMON_BLOCKS = YES;
				GCC_OPTIMIZATION_LEVEL = 0;
				GCC_PREPROCESSOR_DEFINITIONS = (
					"DEBUG=1",
					"$(inherited)",
				);
				GCC_WARN_64_TO_32_BIT_CONVERSION = YES;
				GCC_WARN_ABOUT_RETURN_TYPE = YES_ERROR;
				GCC_WARN_UNDECLARED_SELECTOR = YES;
				GCC_WARN_UNINITIALIZED_AUTOS = YES_AGGRESSIVE;
				GCC_WARN_UNUSED_FUNCTION = YES;
				GCC_WARN_UNUSED_VARIABLE = YES;
				IPHONEOS_DEPLOYMENT_TARGET = 17.2;
				LOCALIZATION_PREFERS_STRING_CATALOGS = YES;
				MTL_ENABLE_DEBUG_INFO = INCLUDE_SOURCE;
				MTL_FAST_MATH = YES;
				ONLY_ACTIVE_ARCH = YES;
				SDKROOT = iphoneos;
				SWIFT_ACTIVE_COMPILATION_CONDITIONS = "DEBUG $(inherited)";
				SWIFT_OPTIMIZATION_LEVEL = "-Onone";
			};
			name = Debug;
		};
		93782DD52B4B98FA00D16F44 /* Release */ = {
			isa = XCBuildConfiguration;
			buildSettings = {
				ALWAYS_SEARCH_USER_PATHS = NO;
				ASSETCATALOG_COMPILER_GENERATE_SWIFT_ASSET_SYMBOL_EXTENSIONS = YES;
				CLANG_ANALYZER_NONNULL = YES;
				CLANG_ANALYZER_NUMBER_OBJECT_CONVERSION = YES_AGGRESSIVE;
				CLANG_CXX_LANGUAGE_STANDARD = "gnu++20";
				CLANG_ENABLE_MODULES = YES;
				CLANG_ENABLE_OBJC_ARC = YES;
				CLANG_ENABLE_OBJC_WEAK = YES;
				CLANG_WARN_BLOCK_CAPTURE_AUTORELEASING = YES;
				CLANG_WARN_BOOL_CONVERSION = YES;
				CLANG_WARN_COMMA = YES;
				CLANG_WARN_CONSTANT_CONVERSION = YES;
				CLANG_WARN_DEPRECATED_OBJC_IMPLEMENTATIONS = YES;
				CLANG_WARN_DIRECT_OBJC_ISA_USAGE = YES_ERROR;
				CLANG_WARN_DOCUMENTATION_COMMENTS = YES;
				CLANG_WARN_EMPTY_BODY = YES;
				CLANG_WARN_ENUM_CONVERSION = YES;
				CLANG_WARN_INFINITE_RECURSION = YES;
				CLANG_WARN_INT_CONVERSION = YES;
				CLANG_WARN_NON_LITERAL_NULL_CONVERSION = YES;
				CLANG_WARN_OBJC_IMPLICIT_RETAIN_SELF = YES;
				CLANG_WARN_OBJC_LITERAL_CONVERSION = YES;
				CLANG_WARN_OBJC_ROOT_CLASS = YES_ERROR;
				CLANG_WARN_QUOTED_INCLUDE_IN_FRAMEWORK_HEADER = YES;
				CLANG_WARN_RANGE_LOOP_ANALYSIS = YES;
				CLANG_WARN_STRICT_PROTOTYPES = YES;
				CLANG_WARN_SUSPICIOUS_MOVE = YES;
				CLANG_WARN_UNGUARDED_AVAILABILITY = YES_AGGRESSIVE;
				CLANG_WARN_UNREACHABLE_CODE = YES;
				CLANG_WARN__DUPLICATE_METHOD_MATCH = YES;
				COPY_PHASE_STRIP = NO;
				DEBUG_INFORMATION_FORMAT = "dwarf-with-dsym";
				ENABLE_NS_ASSERTIONS = NO;
				ENABLE_STRICT_OBJC_MSGSEND = YES;
				ENABLE_USER_SCRIPT_SANDBOXING = YES;
				GCC_C_LANGUAGE_STANDARD = gnu17;
				GCC_NO_COMMON_BLOCKS = YES;
				GCC_WARN_64_TO_32_BIT_CONVERSION = YES;
				GCC_WARN_ABOUT_RETURN_TYPE = YES_ERROR;
				GCC_WARN_UNDECLARED_SELECTOR = YES;
				GCC_WARN_UNINITIALIZED_AUTOS = YES_AGGRESSIVE;
				GCC_WARN_UNUSED_FUNCTION = YES;
				GCC_WARN_UNUSED_VARIABLE = YES;
				IPHONEOS_DEPLOYMENT_TARGET = 17.2;
				LOCALIZATION_PREFERS_STRING_CATALOGS = YES;
				MTL_ENABLE_DEBUG_INFO = NO;
				MTL_FAST_MATH = YES;
				SDKROOT = iphoneos;
				SWIFT_COMPILATION_MODE = wholemodule;
				VALIDATE_PRODUCT = YES;
			};
			name = Release;
		};
		93782DD72B4B98FA00D16F44 /* Debug */ = {
			isa = XCBuildConfiguration;
			buildSettings = {
				ASSETCATALOG_COMPILER_APPICON_NAME = AppIcon;
				ASSETCATALOG_COMPILER_GLOBAL_ACCENT_COLOR_NAME = AccentColor;
				CODE_SIGN_STYLE = Automatic;
				CURRENT_PROJECT_VERSION = 1;
				DEVELOPMENT_ASSET_PATHS = "\"SingleTicTacToe/Preview Content\"";
				ENABLE_PREVIEWS = YES;
				GENERATE_INFOPLIST_FILE = YES;
				INFOPLIST_KEY_UIApplicationSceneManifest_Generation = YES;
				INFOPLIST_KEY_UIApplicationSupportsIndirectInputEvents = YES;
				INFOPLIST_KEY_UILaunchScreen_Generation = YES;
				INFOPLIST_KEY_UISupportedInterfaceOrientations_iPad = "UIInterfaceOrientationPortrait UIInterfaceOrientationPortraitUpsideDown UIInterfaceOrientationLandscapeLeft UIInterfaceOrientationLandscapeRight";
				INFOPLIST_KEY_UISupportedInterfaceOrientations_iPhone = "UIInterfaceOrientationPortrait UIInterfaceOrientationLandscapeLeft UIInterfaceOrientationLandscapeRight";
				IPHONEOS_DEPLOYMENT_TARGET = 14.0;
				LD_RUNPATH_SEARCH_PATHS = (
					"$(inherited)",
					"@executable_path/Frameworks",
				);
				MARKETING_VERSION = 1.0;
				PRODUCT_BUNDLE_IDENTIFIER = io.forxifless.linknavigator.SingleTicTacToe;
				PRODUCT_NAME = "$(TARGET_NAME)";
				SWIFT_EMIT_LOC_STRINGS = YES;
				SWIFT_VERSION = 5.0;
				TARGETED_DEVICE_FAMILY = "1,2";
			};
			name = Debug;
		};
		93782DD82B4B98FA00D16F44 /* Release */ = {
			isa = XCBuildConfiguration;
			buildSettings = {
				ASSETCATALOG_COMPILER_APPICON_NAME = AppIcon;
				ASSETCATALOG_COMPILER_GLOBAL_ACCENT_COLOR_NAME = AccentColor;
				CODE_SIGN_STYLE = Automatic;
				CURRENT_PROJECT_VERSION = 1;
				DEVELOPMENT_ASSET_PATHS = "\"SingleTicTacToe/Preview Content\"";
				ENABLE_PREVIEWS = YES;
				GENERATE_INFOPLIST_FILE = YES;
				INFOPLIST_KEY_UIApplicationSceneManifest_Generation = YES;
				INFOPLIST_KEY_UIApplicationSupportsIndirectInputEvents = YES;
				INFOPLIST_KEY_UILaunchScreen_Generation = YES;
				INFOPLIST_KEY_UISupportedInterfaceOrientations_iPad = "UIInterfaceOrientationPortrait UIInterfaceOrientationPortraitUpsideDown UIInterfaceOrientationLandscapeLeft UIInterfaceOrientationLandscapeRight";
				INFOPLIST_KEY_UISupportedInterfaceOrientations_iPhone = "UIInterfaceOrientationPortrait UIInterfaceOrientationLandscapeLeft UIInterfaceOrientationLandscapeRight";
				IPHONEOS_DEPLOYMENT_TARGET = 14.0;
				LD_RUNPATH_SEARCH_PATHS = (
					"$(inherited)",
					"@executable_path/Frameworks",
				);
				MARKETING_VERSION = 1.0;
				PRODUCT_BUNDLE_IDENTIFIER = io.forxifless.linknavigator.SingleTicTacToe;
				PRODUCT_NAME = "$(TARGET_NAME)";
				SWIFT_EMIT_LOC_STRINGS = YES;
				SWIFT_VERSION = 5.0;
				TARGETED_DEVICE_FAMILY = "1,2";
			};
			name = Release;
		};
/* End XCBuildConfiguration section */

/* Begin XCConfigurationList section */
		93782DC32B4B98F900D16F44 /* Build configuration list for PBXProject "03-SingleTicTacToe" */ = {
			isa = XCConfigurationList;
			buildConfigurations = (
				93782DD42B4B98FA00D16F44 /* Debug */,
				93782DD52B4B98FA00D16F44 /* Release */,
			);
			defaultConfigurationIsVisible = 0;
			defaultConfigurationName = Release;
		};
		93782DD62B4B98FA00D16F44 /* Build configuration list for PBXNativeTarget "SingleTicTacToe" */ = {
			isa = XCConfigurationList;
			buildConfigurations = (
				93782DD72B4B98FA00D16F44 /* Debug */,
				93782DD82B4B98FA00D16F44 /* Release */,
			);
			defaultConfigurationIsVisible = 0;
			defaultConfigurationName = Release;
		};
/* End XCConfigurationList section */

/* Begin XCLocalSwiftPackageReference section */
		93782DD92B4B994700D16F44 /* XCLocalSwiftPackageReference "../../.." */ = {
			isa = XCLocalSwiftPackageReference;
			relativePath = ../../..;
		};
		93782DDC2B4B995400D16F44 /* XCLocalSwiftPackageReference "../../Shared/PageTemplate" */ = {
			isa = XCLocalSwiftPackageReference;
			relativePath = ../../Shared/PageTemplate;
		};
/* End XCLocalSwiftPackageReference section */

/* Begin XCSwiftPackageProductDependency section */
		93782DDA2B4B994700D16F44 /* LinkNavigator */ = {
			isa = XCSwiftPackageProductDependency;
			productName = LinkNavigator;
		};
		93782DDD2B4B995400D16F44 /* PageTemplate */ = {
			isa = XCSwiftPackageProductDependency;
			productName = PageTemplate;
		};
/* End XCSwiftPackageProductDependency section */
	};
	rootObject = 93782DC02B4B98F900D16F44 /* Project object */;
}
