{
  "pins" : [
    {
      "identity" : "urlencodedform",
      "kind" : "remoteSourceControl",
      "location" : "https://github.com/interactord/URLEncodedForm",
      "state" : {
        "revision" : "b8fda4c31e408d11f09b99e44185439ebb1cfee8",
        "version" : "1.0.7"
      }
    }
  ],
  "version" : 2
}
