{
  "pins" : [
    {
      "identity" : "urlencodedform",
      "kind" : "remoteSourceControl",
      "location" : "https://github.com/interactord/URLEncodedForm",
      "state" : {
        "revision" : "17a95cb6d00ce1ffc218194acacc688aafd6a204",
        "version" : "1.0.2"
      }
    }
  ],
  "version" : 2
}
