// !$*UTF8*$!
{
	archiveVersion = 1;
	classes = {
	};
	objectVersion = 56;
	objects = {

/* Begin PBXBuildFile section */
		7A2DCD2A290B640F004AE328 /* CodeViewModifier.swift in Sources */ = {isa = PBXBuildFile; fileRef = 7A2DCD29290B640F004AE328 /* CodeViewModifier.swift */; };
		7A8EE57029090E38003AC39E /* Page4View.swift in Sources */ = {isa = PBXBuildFile; fileRef = 7A8EE56F29090E38003AC39E /* Page4View.swift */; };
		7A8EE57229090E80003AC39E /* Page4Core.swift in Sources */ = {isa = PBXBuildFile; fileRef = 7A8EE57129090E80003AC39E /* Page4Core.swift */; };
		7A8EE57429090EDD003AC39E /* Page4SideEffect.swift in Sources */ = {isa = PBXBuildFile; fileRef = 7A8EE57329090EDD003AC39E /* Page4SideEffect.swift */; };
		7A8EE57629090F28003AC39E /* Page4RouteBuilder.swift in Sources */ = {isa = PBXBuildFile; fileRef = 7A8EE57529090F28003AC39E /* Page4RouteBuilder.swift */; };
		D22751E2290634A600E98D2C /* AppMain.swift in Sources */ = {isa = PBXBuildFile; fileRef = D22751E1290634A600E98D2C /* AppMain.swift */; };
		D22751E4290634A600E98D2C /* ContentView.swift in Sources */ = {isa = PBXBuildFile; fileRef = D22751E3290634A600E98D2C /* ContentView.swift */; };
		D22751E6290634A700E98D2C /* Assets.xcassets in Resources */ = {isa = PBXBuildFile; fileRef = D22751E5290634A700E98D2C /* Assets.xcassets */; };
		D22751EA290634A700E98D2C /* Preview Assets.xcassets in Resources */ = {isa = PBXBuildFile; fileRef = D22751E9290634A700E98D2C /* Preview Assets.xcassets */; };
		D23BD4D12909220F00B674EE /* DeepLinkParser.swift in Sources */ = {isa = PBXBuildFile; fileRef = D23BD4D02909220F00B674EE /* DeepLinkParser.swift */; };
		D25E8897290674E700E5BDCF /* Page1RouteBuilder.swift in Sources */ = {isa = PBXBuildFile; fileRef = D25E8896290674E700E5BDCF /* Page1RouteBuilder.swift */; };
		D25E8899290674EE00E5BDCF /* Page2RouteBuilder.swift in Sources */ = {isa = PBXBuildFile; fileRef = D25E8898290674EE00E5BDCF /* Page2RouteBuilder.swift */; };
		D25E889B290674F800E5BDCF /* Page3RouteBuilder.swift in Sources */ = {isa = PBXBuildFile; fileRef = D25E889A290674F800E5BDCF /* Page3RouteBuilder.swift */; };
		D25E889D290676BD00E5BDCF /* HomeSideEffect.swift in Sources */ = {isa = PBXBuildFile; fileRef = D25E889C290676BD00E5BDCF /* HomeSideEffect.swift */; };
		D25E88A12906878600E5BDCF /* AppSideEffect.swift in Sources */ = {isa = PBXBuildFile; fileRef = D25E88A02906878600E5BDCF /* AppSideEffect.swift */; };
		D25E88A3290687D300E5BDCF /* Page1SideEffect.swift in Sources */ = {isa = PBXBuildFile; fileRef = D25E88A2290687D300E5BDCF /* Page1SideEffect.swift */; };
		D25E88A529068CF400E5BDCF /* Page2SideEffect.swift in Sources */ = {isa = PBXBuildFile; fileRef = D25E88A429068CF400E5BDCF /* Page2SideEffect.swift */; };
		D25E88A729068E5100E5BDCF /* Page3SideEffect.swift in Sources */ = {isa = PBXBuildFile; fileRef = D25E88A629068E5100E5BDCF /* Page3SideEffect.swift */; };
		D2A6C0852906357100545BD9 /* ComposableArchitecture in Frameworks */ = {isa = PBXBuildFile; productRef = D2A6C0842906357100545BD9 /* ComposableArchitecture */; };
		D2A6C0872906357100545BD9 /* Dependencies in Frameworks */ = {isa = PBXBuildFile; productRef = D2A6C0862906357100545BD9 /* Dependencies */; };
		D2A6C08F2906427D00545BD9 /* HomeView.swift in Sources */ = {isa = PBXBuildFile; fileRef = D2A6C08E2906427D00545BD9 /* HomeView.swift */; };
		D2A6C0912906428600545BD9 /* HomeCore.swift in Sources */ = {isa = PBXBuildFile; fileRef = D2A6C0902906428600545BD9 /* HomeCore.swift */; };
		D2A6C0942906432F00545BD9 /* Page1View.swift in Sources */ = {isa = PBXBuildFile; fileRef = D2A6C0932906432F00545BD9 /* Page1View.swift */; };
		D2A6C0962906433600545BD9 /* Page1Core.swift in Sources */ = {isa = PBXBuildFile; fileRef = D2A6C0952906433600545BD9 /* Page1Core.swift */; };
		D2A6C0992906434900545BD9 /* Page2View.swift in Sources */ = {isa = PBXBuildFile; fileRef = D2A6C0982906434900545BD9 /* Page2View.swift */; };
		D2A6C09B2906435100545BD9 /* Page2Core.swift in Sources */ = {isa = PBXBuildFile; fileRef = D2A6C09A2906435100545BD9 /* Page2Core.swift */; };
		D2A6C09E2906435C00545BD9 /* Page3View.swift in Sources */ = {isa = PBXBuildFile; fileRef = D2A6C09D2906435C00545BD9 /* Page3View.swift */; };
		D2A6C0A02906436100545BD9 /* Page3Core.swift in Sources */ = {isa = PBXBuildFile; fileRef = D2A6C09F2906436100545BD9 /* Page3Core.swift */; };
		D2A6C0A32906437A00545BD9 /* NavigationStackViewer.swift in Sources */ = {isa = PBXBuildFile; fileRef = D2A6C0A22906437A00545BD9 /* NavigationStackViewer.swift */; };
		D2A6C0A7290654F000545BD9 /* AppRouterGroup.swift in Sources */ = {isa = PBXBuildFile; fileRef = D2A6C0A6290654F000545BD9 /* AppRouterGroup.swift */; };
		D2A6C0A9290654FD00545BD9 /* HomeRouteBuilder.swift in Sources */ = {isa = PBXBuildFile; fileRef = D2A6C0A8290654FD00545BD9 /* HomeRouteBuilder.swift */; };
		D2A6C0AC2906569D00545BD9 /* LinkNavigator in Frameworks */ = {isa = PBXBuildFile; productRef = D2A6C0AB2906569D00545BD9 /* LinkNavigator */; };
/* End PBXBuildFile section */

/* Begin PBXFileReference section */
		7A2DCD29290B640F004AE328 /* CodeViewModifier.swift */ = {isa = PBXFileReference; lastKnownFileType = sourcecode.swift; path = CodeViewModifier.swift; sourceTree = "<group>"; };
		7A8EE56F29090E38003AC39E /* Page4View.swift */ = {isa = PBXFileReference; lastKnownFileType = sourcecode.swift; path = Page4View.swift; sourceTree = "<group>"; };
		7A8EE57129090E80003AC39E /* Page4Core.swift */ = {isa = PBXFileReference; lastKnownFileType = sourcecode.swift; path = Page4Core.swift; sourceTree = "<group>"; };
		7A8EE57329090EDD003AC39E /* Page4SideEffect.swift */ = {isa = PBXFileReference; lastKnownFileType = sourcecode.swift; path = Page4SideEffect.swift; sourceTree = "<group>"; };
		7A8EE57529090F28003AC39E /* Page4RouteBuilder.swift */ = {isa = PBXFileReference; lastKnownFileType = sourcecode.swift; path = Page4RouteBuilder.swift; sourceTree = "<group>"; };
		D22751DE290634A600E98D2C /* TCA-Example.app */ = {isa = PBXFileReference; explicitFileType = wrapper.application; includeInIndex = 0; path = "TCA-Example.app"; sourceTree = BUILT_PRODUCTS_DIR; };
		D22751E1290634A600E98D2C /* AppMain.swift */ = {isa = PBXFileReference; lastKnownFileType = sourcecode.swift; path = AppMain.swift; sourceTree = "<group>"; };
		D22751E3290634A600E98D2C /* ContentView.swift */ = {isa = PBXFileReference; lastKnownFileType = sourcecode.swift; path = ContentView.swift; sourceTree = "<group>"; };
		D22751E5290634A700E98D2C /* Assets.xcassets */ = {isa = PBXFileReference; lastKnownFileType = folder.assetcatalog; path = Assets.xcassets; sourceTree = "<group>"; };
		D22751E7290634A700E98D2C /* TCA-Example.entitlements */ = {isa = PBXFileReference; lastKnownFileType = text.plist.entitlements; path = "TCA-Example.entitlements"; sourceTree = "<group>"; };
		D22751E9290634A700E98D2C /* Preview Assets.xcassets */ = {isa = PBXFileReference; lastKnownFileType = folder.assetcatalog; path = "Preview Assets.xcassets"; sourceTree = "<group>"; };
		D23BD4CF2909219D00B674EE /* Info.plist */ = {isa = PBXFileReference; lastKnownFileType = text.plist; path = Info.plist; sourceTree = "<group>"; };
		D23BD4D02909220F00B674EE /* DeepLinkParser.swift */ = {isa = PBXFileReference; lastKnownFileType = sourcecode.swift; path = DeepLinkParser.swift; sourceTree = "<group>"; };
		D25E8896290674E700E5BDCF /* Page1RouteBuilder.swift */ = {isa = PBXFileReference; lastKnownFileType = sourcecode.swift; path = Page1RouteBuilder.swift; sourceTree = "<group>"; };
		D25E8898290674EE00E5BDCF /* Page2RouteBuilder.swift */ = {isa = PBXFileReference; lastKnownFileType = sourcecode.swift; path = Page2RouteBuilder.swift; sourceTree = "<group>"; };
		D25E889A290674F800E5BDCF /* Page3RouteBuilder.swift */ = {isa = PBXFileReference; lastKnownFileType = sourcecode.swift; path = Page3RouteBuilder.swift; sourceTree = "<group>"; };
		D25E889C290676BD00E5BDCF /* HomeSideEffect.swift */ = {isa = PBXFileReference; lastKnownFileType = sourcecode.swift; path = HomeSideEffect.swift; sourceTree = "<group>"; };
		D25E88A02906878600E5BDCF /* AppSideEffect.swift */ = {isa = PBXFileReference; fileEncoding = 4; lastKnownFileType = sourcecode.swift; path = AppSideEffect.swift; sourceTree = "<group>"; };
		D25E88A2290687D300E5BDCF /* Page1SideEffect.swift */ = {isa = PBXFileReference; lastKnownFileType = sourcecode.swift; path = Page1SideEffect.swift; sourceTree = "<group>"; };
		D25E88A429068CF400E5BDCF /* Page2SideEffect.swift */ = {isa = PBXFileReference; lastKnownFileType = sourcecode.swift; path = Page2SideEffect.swift; sourceTree = "<group>"; };
		D25E88A629068E5100E5BDCF /* Page3SideEffect.swift */ = {isa = PBXFileReference; lastKnownFileType = sourcecode.swift; path = Page3SideEffect.swift; sourceTree = "<group>"; };
		D2A6C08E2906427D00545BD9 /* HomeView.swift */ = {isa = PBXFileReference; lastKnownFileType = sourcecode.swift; path = HomeView.swift; sourceTree = "<group>"; };
		D2A6C0902906428600545BD9 /* HomeCore.swift */ = {isa = PBXFileReference; lastKnownFileType = sourcecode.swift; path = HomeCore.swift; sourceTree = "<group>"; };
		D2A6C0932906432F00545BD9 /* Page1View.swift */ = {isa = PBXFileReference; lastKnownFileType = sourcecode.swift; path = Page1View.swift; sourceTree = "<group>"; };
		D2A6C0952906433600545BD9 /* Page1Core.swift */ = {isa = PBXFileReference; lastKnownFileType = sourcecode.swift; path = Page1Core.swift; sourceTree = "<group>"; };
		D2A6C0982906434900545BD9 /* Page2View.swift */ = {isa = PBXFileReference; lastKnownFileType = sourcecode.swift; path = Page2View.swift; sourceTree = "<group>"; };
		D2A6C09A2906435100545BD9 /* Page2Core.swift */ = {isa = PBXFileReference; lastKnownFileType = sourcecode.swift; path = Page2Core.swift; sourceTree = "<group>"; };
		D2A6C09D2906435C00545BD9 /* Page3View.swift */ = {isa = PBXFileReference; lastKnownFileType = sourcecode.swift; path = Page3View.swift; sourceTree = "<group>"; };
		D2A6C09F2906436100545BD9 /* Page3Core.swift */ = {isa = PBXFileReference; lastKnownFileType = sourcecode.swift; path = Page3Core.swift; sourceTree = "<group>"; };
		D2A6C0A22906437A00545BD9 /* NavigationStackViewer.swift */ = {isa = PBXFileReference; lastKnownFileType = sourcecode.swift; path = NavigationStackViewer.swift; sourceTree = "<group>"; };
		D2A6C0A6290654F000545BD9 /* AppRouterGroup.swift */ = {isa = PBXFileReference; lastKnownFileType = sourcecode.swift; path = AppRouterGroup.swift; sourceTree = "<group>"; };
		D2A6C0A8290654FD00545BD9 /* HomeRouteBuilder.swift */ = {isa = PBXFileReference; lastKnownFileType = sourcecode.swift; path = HomeRouteBuilder.swift; sourceTree = "<group>"; };
		D2E1FDFC290FF6780049F6E1 /* LinkNavigator */ = {isa = PBXFileReference; lastKnownFileType = wrapper; name = LinkNavigator; path = ../..; sourceTree = "<group>"; };
/* End PBXFileReference section */

/* Begin PBXFrameworksBuildPhase section */
		D22751DB290634A600E98D2C /* Frameworks */ = {
			isa = PBXFrameworksBuildPhase;
			buildActionMask = 2147483647;
			files = (
				D2A6C0852906357100545BD9 /* ComposableArchitecture in Frameworks */,
				D2A6C0872906357100545BD9 /* Dependencies in Frameworks */,
				D2A6C0AC2906569D00545BD9 /* LinkNavigator in Frameworks */,
			);
			runOnlyForDeploymentPostprocessing = 0;
		};
/* End PBXFrameworksBuildPhase section */

/* Begin PBXGroup section */
		7A8EE56E29090E26003AC39E /* Page4 */ = {
			isa = PBXGroup;
			children = (
				7A8EE56F29090E38003AC39E /* Page4View.swift */,
				7A8EE57129090E80003AC39E /* Page4Core.swift */,
				7A8EE57329090EDD003AC39E /* Page4SideEffect.swift */,
				7A8EE57529090F28003AC39E /* Page4RouteBuilder.swift */,
			);
			path = Page4;
			sourceTree = "<group>";
		};
		D22751D5290634A600E98D2C = {
			isa = PBXGroup;
			children = (
				D2E1FDFC290FF6780049F6E1 /* LinkNavigator */,
				D22751E0290634A600E98D2C /* TCA-Example */,
				D22751DF290634A600E98D2C /* Products */,
			);
			sourceTree = "<group>";
		};
		D22751DF290634A600E98D2C /* Products */ = {
			isa = PBXGroup;
			children = (
				D22751DE290634A600E98D2C /* TCA-Example.app */,
			);
			name = Products;
			sourceTree = "<group>";
		};
		D22751E0290634A600E98D2C /* TCA-Example */ = {
			isa = PBXGroup;
			children = (
				D23BD4CF2909219D00B674EE /* Info.plist */,
				D2A6C08C2906426300545BD9 /* Feature */,
				D22751E1290634A600E98D2C /* AppMain.swift */,
				D2A6C0A6290654F000545BD9 /* AppRouterGroup.swift */,
				D25E88A02906878600E5BDCF /* AppSideEffect.swift */,
				D22751E3290634A600E98D2C /* ContentView.swift */,
				D23BD4D02909220F00B674EE /* DeepLinkParser.swift */,
				D22751E5290634A700E98D2C /* Assets.xcassets */,
				D22751E7290634A700E98D2C /* TCA-Example.entitlements */,
				D22751E8290634A700E98D2C /* Preview Content */,
			);
			path = "TCA-Example";
			sourceTree = "<group>";
		};
		D22751E8290634A700E98D2C /* Preview Content */ = {
			isa = PBXGroup;
			children = (
				D22751E9290634A700E98D2C /* Preview Assets.xcassets */,
			);
			path = "Preview Content";
			sourceTree = "<group>";
		};
		D2A6C08C2906426300545BD9 /* Feature */ = {
			isa = PBXGroup;
			children = (
				D2A6C0A12906436D00545BD9 /* Common */,
				D2A6C08D2906427100545BD9 /* Home */,
				D2A6C0922906432500545BD9 /* Page1 */,
				D2A6C0972906434200545BD9 /* Page2 */,
				D2A6C09C2906435600545BD9 /* Page3 */,
				7A8EE56E29090E26003AC39E /* Page4 */,
			);
			path = Feature;
			sourceTree = "<group>";
		};
		D2A6C08D2906427100545BD9 /* Home */ = {
			isa = PBXGroup;
			children = (
				D2A6C08E2906427D00545BD9 /* HomeView.swift */,
				D2A6C0902906428600545BD9 /* HomeCore.swift */,
				D25E889C290676BD00E5BDCF /* HomeSideEffect.swift */,
				D2A6C0A8290654FD00545BD9 /* HomeRouteBuilder.swift */,
			);
			path = Home;
			sourceTree = "<group>";
		};
		D2A6C0922906432500545BD9 /* Page1 */ = {
			isa = PBXGroup;
			children = (
				D2A6C0932906432F00545BD9 /* Page1View.swift */,
				D2A6C0952906433600545BD9 /* Page1Core.swift */,
				D25E88A2290687D300E5BDCF /* Page1SideEffect.swift */,
				D25E8896290674E700E5BDCF /* Page1RouteBuilder.swift */,
			);
			path = Page1;
			sourceTree = "<group>";
		};
		D2A6C0972906434200545BD9 /* Page2 */ = {
			isa = PBXGroup;
			children = (
				D2A6C0982906434900545BD9 /* Page2View.swift */,
				D2A6C09A2906435100545BD9 /* Page2Core.swift */,
				D25E88A429068CF400E5BDCF /* Page2SideEffect.swift */,
				D25E8898290674EE00E5BDCF /* Page2RouteBuilder.swift */,
			);
			path = Page2;
			sourceTree = "<group>";
		};
		D2A6C09C2906435600545BD9 /* Page3 */ = {
			isa = PBXGroup;
			children = (
				D2A6C09D2906435C00545BD9 /* Page3View.swift */,
				D2A6C09F2906436100545BD9 /* Page3Core.swift */,
				D25E88A629068E5100E5BDCF /* Page3SideEffect.swift */,
				D25E889A290674F800E5BDCF /* Page3RouteBuilder.swift */,
			);
			path = Page3;
			sourceTree = "<group>";
		};
		D2A6C0A12906436D00545BD9 /* Common */ = {
			isa = PBXGroup;
			children = (
				D2A6C0A22906437A00545BD9 /* NavigationStackViewer.swift */,
				7A2DCD29290B640F004AE328 /* CodeViewModifier.swift */,
			);
			path = Common;
			sourceTree = "<group>";
		};
/* End PBXGroup section */

/* Begin PBXNativeTarget section */
		D22751DD290634A600E98D2C /* TCA-Example */ = {
			isa = PBXNativeTarget;
			buildConfigurationList = D22751ED290634A700E98D2C /* Build configuration list for PBXNativeTarget "TCA-Example" */;
			buildPhases = (
				D22751DA290634A600E98D2C /* Sources */,
				D22751DB290634A600E98D2C /* Frameworks */,
				D22751DC290634A600E98D2C /* Resources */,
			);
			buildRules = (
			);
			dependencies = (
			);
			name = "TCA-Example";
			packageProductDependencies = (
				D2A6C0842906357100545BD9 /* ComposableArchitecture */,
				D2A6C0862906357100545BD9 /* Dependencies */,
				D2A6C0AB2906569D00545BD9 /* LinkNavigator */,
			);
			productName = ExampleTCA;
			productReference = D22751DE290634A600E98D2C /* TCA-Example.app */;
			productType = "com.apple.product-type.application";
		};
/* End PBXNativeTarget section */

/* Begin PBXProject section */
		D22751D6290634A600E98D2C /* Project object */ = {
			isa = PBXProject;
			attributes = {
				BuildIndependentTargetsInParallel = 1;
				LastSwiftUpdateCheck = 1400;
				LastUpgradeCheck = 1400;
				TargetAttributes = {
					D22751DD290634A600E98D2C = {
						CreatedOnToolsVersion = 14.0.1;
					};
				};
			};
			buildConfigurationList = D22751D9290634A600E98D2C /* Build configuration list for PBXProject "TCA-Example" */;
			compatibilityVersion = "Xcode 14.0";
			developmentRegion = en;
			hasScannedForEncodings = 0;
			knownRegions = (
				en,
				Base,
			);
			mainGroup = D22751D5290634A600E98D2C;
			packageReferences = (
				D2A6C0832906357100545BD9 /* XCRemoteSwiftPackageReference "swift-composable-architecture" */,
			);
			productRefGroup = D22751DF290634A600E98D2C /* Products */;
			projectDirPath = "";
			projectRoot = "";
			targets = (
				D22751DD290634A600E98D2C /* TCA-Example */,
			);
		};
/* End PBXProject section */

/* Begin PBXResourcesBuildPhase section */
		D22751DC290634A600E98D2C /* Resources */ = {
			isa = PBXResourcesBuildPhase;
			buildActionMask = 2147483647;
			files = (
				D22751EA290634A700E98D2C /* Preview Assets.xcassets in Resources */,
				D22751E6290634A700E98D2C /* Assets.xcassets in Resources */,
			);
			runOnlyForDeploymentPostprocessing = 0;
		};
/* End PBXResourcesBuildPhase section */

/* Begin PBXSourcesBuildPhase section */
		D22751DA290634A600E98D2C /* Sources */ = {
			isa = PBXSourcesBuildPhase;
			buildActionMask = 2147483647;
			files = (
				7A2DCD2A290B640F004AE328 /* CodeViewModifier.swift in Sources */,
				D25E889B290674F800E5BDCF /* Page3RouteBuilder.swift in Sources */,
				D2A6C0A7290654F000545BD9 /* AppRouterGroup.swift in Sources */,
				D2A6C0912906428600545BD9 /* HomeCore.swift in Sources */,
				D25E889D290676BD00E5BDCF /* HomeSideEffect.swift in Sources */,
				D2A6C0A32906437A00545BD9 /* NavigationStackViewer.swift in Sources */,
				D25E88A529068CF400E5BDCF /* Page2SideEffect.swift in Sources */,
				D2A6C08F2906427D00545BD9 /* HomeView.swift in Sources */,
				D2A6C09E2906435C00545BD9 /* Page3View.swift in Sources */,
				D25E88A729068E5100E5BDCF /* Page3SideEffect.swift in Sources */,
				D25E8897290674E700E5BDCF /* Page1RouteBuilder.swift in Sources */,
				D2A6C0A9290654FD00545BD9 /* HomeRouteBuilder.swift in Sources */,
				7A8EE57429090EDD003AC39E /* Page4SideEffect.swift in Sources */,
				7A8EE57629090F28003AC39E /* Page4RouteBuilder.swift in Sources */,
				D2A6C0A02906436100545BD9 /* Page3Core.swift in Sources */,
				D2A6C0962906433600545BD9 /* Page1Core.swift in Sources */,
				D2A6C09B2906435100545BD9 /* Page2Core.swift in Sources */,
				D2A6C0942906432F00545BD9 /* Page1View.swift in Sources */,
				D25E88A3290687D300E5BDCF /* Page1SideEffect.swift in Sources */,
				D2A6C0992906434900545BD9 /* Page2View.swift in Sources */,
				D22751E4290634A600E98D2C /* ContentView.swift in Sources */,
				7A8EE57029090E38003AC39E /* Page4View.swift in Sources */,
				D25E88A12906878600E5BDCF /* AppSideEffect.swift in Sources */,
				D23BD4D12909220F00B674EE /* DeepLinkParser.swift in Sources */,
				7A8EE57229090E80003AC39E /* Page4Core.swift in Sources */,
				D22751E2290634A600E98D2C /* AppMain.swift in Sources */,
				D25E8899290674EE00E5BDCF /* Page2RouteBuilder.swift in Sources */,
			);
			runOnlyForDeploymentPostprocessing = 0;
		};
/* End PBXSourcesBuildPhase section */

/* Begin XCBuildConfiguration section */
		D22751EB290634A700E98D2C /* Debug */ = {
			isa = XCBuildConfiguration;
			buildSettings = {
				ALWAYS_SEARCH_USER_PATHS = NO;
				CLANG_ANALYZER_NONNULL = YES;
				CLANG_ANALYZER_NUMBER_OBJECT_CONVERSION = YES_AGGRESSIVE;
				CLANG_CXX_LANGUAGE_STANDARD = "gnu++20";
				CLANG_ENABLE_MODULES = YES;
				CLANG_ENABLE_OBJC_ARC = YES;
				CLANG_ENABLE_OBJC_WEAK = YES;
				CLANG_WARN_BLOCK_CAPTURE_AUTORELEASING = YES;
				CLANG_WARN_BOOL_CONVERSION = YES;
				CLANG_WARN_COMMA = YES;
				CLANG_WARN_CONSTANT_CONVERSION = YES;
				CLANG_WARN_DEPRECATED_OBJC_IMPLEMENTATIONS = YES;
				CLANG_WARN_DIRECT_OBJC_ISA_USAGE = YES_ERROR;
				CLANG_WARN_DOCUMENTATION_COMMENTS = YES;
				CLANG_WARN_EMPTY_BODY = YES;
				CLANG_WARN_ENUM_CONVERSION = YES;
				CLANG_WARN_INFINITE_RECURSION = YES;
				CLANG_WARN_INT_CONVERSION = YES;
				CLANG_WARN_NON_LITERAL_NULL_CONVERSION = YES;
				CLANG_WARN_OBJC_IMPLICIT_RETAIN_SELF = YES;
				CLANG_WARN_OBJC_LITERAL_CONVERSION = YES;
				CLANG_WARN_OBJC_ROOT_CLASS = YES_ERROR;
				CLANG_WARN_QUOTED_INCLUDE_IN_FRAMEWORK_HEADER = YES;
				CLANG_WARN_RANGE_LOOP_ANALYSIS = YES;
				CLANG_WARN_STRICT_PROTOTYPES = YES;
				CLANG_WARN_SUSPICIOUS_MOVE = YES;
				CLANG_WARN_UNGUARDED_AVAILABILITY = YES_AGGRESSIVE;
				CLANG_WARN_UNREACHABLE_CODE = YES;
				CLANG_WARN__DUPLICATE_METHOD_MATCH = YES;
				COPY_PHASE_STRIP = NO;
				DEBUG_INFORMATION_FORMAT = dwarf;
				ENABLE_STRICT_OBJC_MSGSEND = YES;
				ENABLE_TESTABILITY = YES;
				GCC_C_LANGUAGE_STANDARD = gnu11;
				GCC_DYNAMIC_NO_PIC = NO;
				GCC_NO_COMMON_BLOCKS = YES;
				GCC_OPTIMIZATION_LEVEL = 0;
				GCC_PREPROCESSOR_DEFINITIONS = (
					"DEBUG=1",
					"$(inherited)",
				);
				GCC_WARN_64_TO_32_BIT_CONVERSION = YES;
				GCC_WARN_ABOUT_RETURN_TYPE = YES_ERROR;
				GCC_WARN_UNDECLARED_SELECTOR = YES;
				GCC_WARN_UNINITIALIZED_AUTOS = YES_AGGRESSIVE;
				GCC_WARN_UNUSED_FUNCTION = YES;
				GCC_WARN_UNUSED_VARIABLE = YES;
				MTL_ENABLE_DEBUG_INFO = INCLUDE_SOURCE;
				MTL_FAST_MATH = YES;
				ONLY_ACTIVE_ARCH = YES;
				SWIFT_ACTIVE_COMPILATION_CONDITIONS = DEBUG;
				SWIFT_OPTIMIZATION_LEVEL = "-Onone";
			};
			name = Debug;
		};
		D22751EC290634A700E98D2C /* Release */ = {
			isa = XCBuildConfiguration;
			buildSettings = {
				ALWAYS_SEARCH_USER_PATHS = NO;
				CLANG_ANALYZER_NONNULL = YES;
				CLANG_ANALYZER_NUMBER_OBJECT_CONVERSION = YES_AGGRESSIVE;
				CLANG_CXX_LANGUAGE_STANDARD = "gnu++20";
				CLANG_ENABLE_MODULES = YES;
				CLANG_ENABLE_OBJC_ARC = YES;
				CLANG_ENABLE_OBJC_WEAK = YES;
				CLANG_WARN_BLOCK_CAPTURE_AUTORELEASING = YES;
				CLANG_WARN_BOOL_CONVERSION = YES;
				CLANG_WARN_COMMA = YES;
				CLANG_WARN_CONSTANT_CONVERSION = YES;
				CLANG_WARN_DEPRECATED_OBJC_IMPLEMENTATIONS = YES;
				CLANG_WARN_DIRECT_OBJC_ISA_USAGE = YES_ERROR;
				CLANG_WARN_DOCUMENTATION_COMMENTS = YES;
				CLANG_WARN_EMPTY_BODY = YES;
				CLANG_WARN_ENUM_CONVERSION = YES;
				CLANG_WARN_INFINITE_RECURSION = YES;
				CLANG_WARN_INT_CONVERSION = YES;
				CLANG_WARN_NON_LITERAL_NULL_CONVERSION = YES;
				CLANG_WARN_OBJC_IMPLICIT_RETAIN_SELF = YES;
				CLANG_WARN_OBJC_LITERAL_CONVERSION = YES;
				CLANG_WARN_OBJC_ROOT_CLASS = YES_ERROR;
				CLANG_WARN_QUOTED_INCLUDE_IN_FRAMEWORK_HEADER = YES;
				CLANG_WARN_RANGE_LOOP_ANALYSIS = YES;
				CLANG_WARN_STRICT_PROTOTYPES = YES;
				CLANG_WARN_SUSPICIOUS_MOVE = YES;
				CLANG_WARN_UNGUARDED_AVAILABILITY = YES_AGGRESSIVE;
				CLANG_WARN_UNREACHABLE_CODE = YES;
				CLANG_WARN__DUPLICATE_METHOD_MATCH = YES;
				COPY_PHASE_STRIP = NO;
				DEBUG_INFORMATION_FORMAT = "dwarf-with-dsym";
				ENABLE_NS_ASSERTIONS = NO;
				ENABLE_STRICT_OBJC_MSGSEND = YES;
				GCC_C_LANGUAGE_STANDARD = gnu11;
				GCC_NO_COMMON_BLOCKS = YES;
				GCC_WARN_64_TO_32_BIT_CONVERSION = YES;
				GCC_WARN_ABOUT_RETURN_TYPE = YES_ERROR;
				GCC_WARN_UNDECLARED_SELECTOR = YES;
				GCC_WARN_UNINITIALIZED_AUTOS = YES_AGGRESSIVE;
				GCC_WARN_UNUSED_FUNCTION = YES;
				GCC_WARN_UNUSED_VARIABLE = YES;
				MTL_ENABLE_DEBUG_INFO = NO;
				MTL_FAST_MATH = YES;
				SWIFT_COMPILATION_MODE = wholemodule;
				SWIFT_OPTIMIZATION_LEVEL = "-O";
			};
			name = Release;
		};
		D22751EE290634A700E98D2C /* Debug */ = {
			isa = XCBuildConfiguration;
			buildSettings = {
				ASSETCATALOG_COMPILER_APPICON_NAME = AppIcon;
				ASSETCATALOG_COMPILER_GLOBAL_ACCENT_COLOR_NAME = AccentColor;
				CODE_SIGN_ENTITLEMENTS = "TCA-Example/TCA-Example.entitlements";
				CODE_SIGN_STYLE = Manual;
				CURRENT_PROJECT_VERSION = 1;
				DEVELOPMENT_ASSET_PATHS = "\"TCA-Example/Preview Content\"";
				DEVELOPMENT_TEAM = "";
				ENABLE_PREVIEWS = YES;
				GENERATE_INFOPLIST_FILE = YES;
				INFOPLIST_FILE = "TCA-Example/Info.plist";
				"INFOPLIST_KEY_UIApplicationSceneManifest_Generation[sdk=iphoneos*]" = YES;
				"INFOPLIST_KEY_UIApplicationSceneManifest_Generation[sdk=iphonesimulator*]" = YES;
				"INFOPLIST_KEY_UIApplicationSupportsIndirectInputEvents[sdk=iphoneos*]" = YES;
				"INFOPLIST_KEY_UIApplicationSupportsIndirectInputEvents[sdk=iphonesimulator*]" = YES;
				"INFOPLIST_KEY_UILaunchScreen_Generation[sdk=iphoneos*]" = YES;
				"INFOPLIST_KEY_UILaunchScreen_Generation[sdk=iphonesimulator*]" = YES;
				"INFOPLIST_KEY_UIStatusBarStyle[sdk=iphoneos*]" = UIStatusBarStyleDefault;
				"INFOPLIST_KEY_UIStatusBarStyle[sdk=iphonesimulator*]" = UIStatusBarStyleDefault;
				INFOPLIST_KEY_UISupportedInterfaceOrientations_iPad = "UIInterfaceOrientationPortrait UIInterfaceOrientationPortraitUpsideDown UIInterfaceOrientationLandscapeLeft UIInterfaceOrientationLandscapeRight";
				INFOPLIST_KEY_UISupportedInterfaceOrientations_iPhone = "UIInterfaceOrientationPortrait UIInterfaceOrientationLandscapeLeft UIInterfaceOrientationLandscapeRight";
				IPHONEOS_DEPLOYMENT_TARGET = 14.0;
				LD_RUNPATH_SEARCH_PATHS = "@executable_path/Frameworks";
				"LD_RUNPATH_SEARCH_PATHS[sdk=macosx*]" = "@executable_path/../Frameworks";
				MACOSX_DEPLOYMENT_TARGET = 12.3;
				MARKETING_VERSION = 1.0;
				PRODUCT_BUNDLE_IDENTIFIER = "io.interactord.TCA-Example";
				PRODUCT_NAME = "$(TARGET_NAME)";
				PROVISIONING_PROFILE_SPECIFIER = "";
				SDKROOT = auto;
				SUPPORTED_PLATFORMS = "iphoneos iphonesimulator";
				SUPPORTS_MACCATALYST = NO;
				SUPPORTS_MAC_DESIGNED_FOR_IPHONE_IPAD = NO;
				SWIFT_EMIT_LOC_STRINGS = YES;
				SWIFT_VERSION = 5.0;
				TARGETED_DEVICE_FAMILY = "1,2";
			};
			name = Debug;
		};
		D22751EF290634A700E98D2C /* Release */ = {
			isa = XCBuildConfiguration;
			buildSettings = {
				ASSETCATALOG_COMPILER_APPICON_NAME = AppIcon;
				ASSETCATALOG_COMPILER_GLOBAL_ACCENT_COLOR_NAME = AccentColor;
				CODE_SIGN_ENTITLEMENTS = "TCA-Example/TCA-Example.entitlements";
				CODE_SIGN_STYLE = Manual;
				CURRENT_PROJECT_VERSION = 1;
				DEVELOPMENT_ASSET_PATHS = "\"TCA-Example/Preview Content\"";
				DEVELOPMENT_TEAM = "";
				ENABLE_PREVIEWS = YES;
				GENERATE_INFOPLIST_FILE = YES;
				INFOPLIST_FILE = "TCA-Example/Info.plist";
				"INFOPLIST_KEY_UIApplicationSceneManifest_Generation[sdk=iphoneos*]" = YES;
				"INFOPLIST_KEY_UIApplicationSceneManifest_Generation[sdk=iphonesimulator*]" = YES;
				"INFOPLIST_KEY_UIApplicationSupportsIndirectInputEvents[sdk=iphoneos*]" = YES;
				"INFOPLIST_KEY_UIApplicationSupportsIndirectInputEvents[sdk=iphonesimulator*]" = YES;
				"INFOPLIST_KEY_UILaunchScreen_Generation[sdk=iphoneos*]" = YES;
				"INFOPLIST_KEY_UILaunchScreen_Generation[sdk=iphonesimulator*]" = YES;
				"INFOPLIST_KEY_UIStatusBarStyle[sdk=iphoneos*]" = UIStatusBarStyleDefault;
				"INFOPLIST_KEY_UIStatusBarStyle[sdk=iphonesimulator*]" = UIStatusBarStyleDefault;
				INFOPLIST_KEY_UISupportedInterfaceOrientations_iPad = "UIInterfaceOrientationPortrait UIInterfaceOrientationPortraitUpsideDown UIInterfaceOrientationLandscapeLeft UIInterfaceOrientationLandscapeRight";
				INFOPLIST_KEY_UISupportedInterfaceOrientations_iPhone = "UIInterfaceOrientationPortrait UIInterfaceOrientationLandscapeLeft UIInterfaceOrientationLandscapeRight";
				IPHONEOS_DEPLOYMENT_TARGET = 14.0;
				LD_RUNPATH_SEARCH_PATHS = "@executable_path/Frameworks";
				"LD_RUNPATH_SEARCH_PATHS[sdk=macosx*]" = "@executable_path/../Frameworks";
				MACOSX_DEPLOYMENT_TARGET = 12.3;
				MARKETING_VERSION = 1.0;
				PRODUCT_BUNDLE_IDENTIFIER = "io.interactord.TCA-Example";
				PRODUCT_NAME = "$(TARGET_NAME)";
				PROVISIONING_PROFILE_SPECIFIER = "";
				SDKROOT = auto;
				SUPPORTED_PLATFORMS = "iphoneos iphonesimulator";
				SUPPORTS_MACCATALYST = NO;
				SUPPORTS_MAC_DESIGNED_FOR_IPHONE_IPAD = NO;
				SWIFT_EMIT_LOC_STRINGS = YES;
				SWIFT_VERSION = 5.0;
				TARGETED_DEVICE_FAMILY = "1,2";
			};
			name = Release;
		};
/* End XCBuildConfiguration section */

/* Begin XCConfigurationList section */
		D22751D9290634A600E98D2C /* Build configuration list for PBXProject "TCA-Example" */ = {
			isa = XCConfigurationList;
			buildConfigurations = (
				D22751EB290634A700E98D2C /* Debug */,
				D22751EC290634A700E98D2C /* Release */,
			);
			defaultConfigurationIsVisible = 0;
			defaultConfigurationName = Release;
		};
		D22751ED290634A700E98D2C /* Build configuration list for PBXNativeTarget "TCA-Example" */ = {
			isa = XCConfigurationList;
			buildConfigurations = (
				D22751EE290634A700E98D2C /* Debug */,
				D22751EF290634A700E98D2C /* Release */,
			);
			defaultConfigurationIsVisible = 0;
			defaultConfigurationName = Release;
		};
/* End XCConfigurationList section */

/* Begin XCRemoteSwiftPackageReference section */
		D2A6C0832906357100545BD9 /* XCRemoteSwiftPackageReference "swift-composable-architecture" */ = {
			isa = XCRemoteSwiftPackageReference;
			repositoryURL = "https://github.com/pointfreeco/swift-composable-architecture";
			requirement = {
				kind = versionRange;
				maximumVersion = 1.0.0;
				minimumVersion = 0.43.0;
			};
		};
/* End XCRemoteSwiftPackageReference section */

/* Begin XCSwiftPackageProductDependency section */
		D2A6C0842906357100545BD9 /* ComposableArchitecture */ = {
			isa = XCSwiftPackageProductDependency;
			package = D2A6C0832906357100545BD9 /* XCRemoteSwiftPackageReference "swift-composable-architecture" */;
			productName = ComposableArchitecture;
		};
		D2A6C0862906357100545BD9 /* Dependencies */ = {
			isa = XCSwiftPackageProductDependency;
			package = D2A6C0832906357100545BD9 /* XCRemoteSwiftPackageReference "swift-composable-architecture" */;
			productName = Dependencies;
		};
		D2A6C0AB2906569D00545BD9 /* LinkNavigator */ = {
			isa = XCSwiftPackageProductDependency;
			productName = LinkNavigator;
		};
/* End XCSwiftPackageProductDependency section */
	};
	rootObject = D22751D6290634A600E98D2C /* Project object */;
}
