{
  "object": {
    "pins": [
      {
        "package": "LinkNavigator",
        "repositoryURL": "https://github.com/interactord/LinkNavigator.git",
        "state": {
          "branch": "main",
          "revision": "0308e4262570aec1e58280fe1771a64bdde5328c",
          "version": null
        }
      }
    ]
  },
  "version": 1
}
