{
  "object": {
    "pins": [
      {
        "package": "LinkNavigator",
        "repositoryURL": "https://github.com/interactord/LinkNavigator.git",
        "state": {
          "branch": "main",
          "revision": "c39225c27b34752c411bc0786121df58fd60d465",
          "version": null
        }
      }
    ]
  },
  "version": 1
}
