{
  "pins" : [
    {
      "identity" : "urlencodedform",
      "kind" : "remoteSourceControl",
      "location" : "https://github.com/interactord/URLEncodedForm",
      "state" : {
        "revision" : "5f51aa13d41b26fc8833cd040df3a3101768bb64",
        "version" : "1.0.8"
      }
    }
  ],
  "version" : 2
}
