{
  "pins" : [
    {
      "identity" : "swift",
      "kind" : "remoteSourceControl",
      "location" : "https://github.com/airbnb/swift",
      "state" : {
        "revision" : "bc6aa7c3e21b6ab951ce75afc0a6e6d16fd6caef",
        "version" : "1.0.6"
      }
    },
    {
      "identity" : "swift-argument-parser",
      "kind" : "remoteSourceControl",
      "location" : "https://github.com/apple/swift-argument-parser",
      "state" : {
        "revision" : "c8ed701b513cf5177118a175d85fbbbcd707ab41",
        "version" : "1.3.0"
      }
    },
    {
      "identity" : "urlencodedform",
      "kind" : "remoteSourceControl",
      "location" : "https://github.com/interactord/URLEncodedForm",
      "state" : {
        "revision" : "5f51aa13d41b26fc8833cd040df3a3101768bb64",
        "version" : "1.0.8"
      }
    }
  ],
  "version" : 2
}
