// !$*UTF8*$!
{
	archiveVersion = 1;
	classes = {
	};
	objectVersion = 60;
	objects = {

/* Begin PBXBuildFile section */
		29758CF52B44F95B00307B89 /* TabInjectionParameterApp.swift in Sources */ = {isa = PBXBuildFile; fileRef = 29758CF42B44F95B00307B89 /* TabInjectionParameterApp.swift */; };
		29758CF92B44F95C00307B89 /* Assets.xcassets in Resources */ = {isa = PBXBuildFile; fileRef = 29758CF82B44F95C00307B89 /* Assets.xcassets */; };
		29758CFD2B44F95C00307B89 /* Preview Assets.xcassets in Resources */ = {isa = PBXBuildFile; fileRef = 29758CFC2B44F95C00307B89 /* Preview Assets.xcassets */; };
		29AB43432B4557C800C32F2A /* LinkNavigator in Frameworks */ = {isa = PBXBuildFile; productRef = 29AB43422B4557C800C32F2A /* LinkNavigator */; };
		29AB43462B4557D700C32F2A /* PageTemplate in Frameworks */ = {isa = PBXBuildFile; productRef = 29AB43452B4557D700C32F2A /* PageTemplate */; };
		7E7A32C32B469BF50078DAFF /* AppDependency.swift in Sources */ = {isa = PBXBuildFile; fileRef = 7E7A32C22B469BF50078DAFF /* AppDependency.swift */; };
		7E7A32C52B469C010078DAFF /* AppRouteBuilderGroup.swift in Sources */ = {isa = PBXBuildFile; fileRef = 7E7A32C42B469C010078DAFF /* AppRouteBuilderGroup.swift */; };
		7E7A32CB2B469CBD0078DAFF /* PathIndicator.swift in Sources */ = {isa = PBXBuildFile; fileRef = 7E7A32CA2B469CBD0078DAFF /* PathIndicator.swift */; };
		7E7A32E72B469D680078DAFF /* Tab1Page.swift in Sources */ = {isa = PBXBuildFile; fileRef = 7E7A32CF2B469D680078DAFF /* Tab1Page.swift */; };
		7E7A32E82B469D680078DAFF /* Tab1RouteBuilder.swift in Sources */ = {isa = PBXBuildFile; fileRef = 7E7A32D02B469D680078DAFF /* Tab1RouteBuilder.swift */; };
		7E7A32E92B469D680078DAFF /* Tab2RouteBuilder.swift in Sources */ = {isa = PBXBuildFile; fileRef = 7E7A32D22B469D680078DAFF /* Tab2RouteBuilder.swift */; };
		7E7A32EA2B469D680078DAFF /* Tab2Page.swift in Sources */ = {isa = PBXBuildFile; fileRef = 7E7A32D32B469D680078DAFF /* Tab2Page.swift */; };
		7E7A32EB2B469D680078DAFF /* Tab3RouteBuilder.swift in Sources */ = {isa = PBXBuildFile; fileRef = 7E7A32D52B469D680078DAFF /* Tab3RouteBuilder.swift */; };
		7E7A32EC2B469D680078DAFF /* Tab3Page.swift in Sources */ = {isa = PBXBuildFile; fileRef = 7E7A32D62B469D680078DAFF /* Tab3Page.swift */; };
		7E7A32ED2B469D680078DAFF /* Tab4RouteBuilder.swift in Sources */ = {isa = PBXBuildFile; fileRef = 7E7A32D82B469D680078DAFF /* Tab4RouteBuilder.swift */; };
		7E7A32EE2B469D680078DAFF /* Tab4Page.swift in Sources */ = {isa = PBXBuildFile; fileRef = 7E7A32D92B469D680078DAFF /* Tab4Page.swift */; };
		7E7A32EF2B469D680078DAFF /* Step4RouteBuilder.swift in Sources */ = {isa = PBXBuildFile; fileRef = 7E7A32DC2B469D680078DAFF /* Step4RouteBuilder.swift */; };
		7E7A32F02B469D680078DAFF /* Step4Page.swift in Sources */ = {isa = PBXBuildFile; fileRef = 7E7A32DD2B469D680078DAFF /* Step4Page.swift */; };
		7E7A32F12B469D680078DAFF /* Step3RouteBuilder.swift in Sources */ = {isa = PBXBuildFile; fileRef = 7E7A32DF2B469D680078DAFF /* Step3RouteBuilder.swift */; };
		7E7A32F22B469D680078DAFF /* Step3Page.swift in Sources */ = {isa = PBXBuildFile; fileRef = 7E7A32E02B469D680078DAFF /* Step3Page.swift */; };
		7E7A32F32B469D680078DAFF /* Step2RouteBuilder.swift in Sources */ = {isa = PBXBuildFile; fileRef = 7E7A32E22B469D680078DAFF /* Step2RouteBuilder.swift */; };
		7E7A32F42B469D680078DAFF /* Step2Page.swift in Sources */ = {isa = PBXBuildFile; fileRef = 7E7A32E32B469D680078DAFF /* Step2Page.swift */; };
		7E7A32F52B469D680078DAFF /* Step1RouteBuilder.swift in Sources */ = {isa = PBXBuildFile; fileRef = 7E7A32E52B469D680078DAFF /* Step1RouteBuilder.swift */; };
		7E7A32F62B469D680078DAFF /* Step1Page.swift in Sources */ = {isa = PBXBuildFile; fileRef = 7E7A32E62B469D680078DAFF /* Step1Page.swift */; };
/* End PBXBuildFile section */

/* Begin PBXFileReference section */
		29758CF12B44F95B00307B89 /* TabInjectionParameter.app */ = {isa = PBXFileReference; explicitFileType = wrapper.application; includeInIndex = 0; path = TabInjectionParameter.app; sourceTree = BUILT_PRODUCTS_DIR; };
		29758CF42B44F95B00307B89 /* TabInjectionParameterApp.swift */ = {isa = PBXFileReference; lastKnownFileType = sourcecode.swift; path = TabInjectionParameterApp.swift; sourceTree = "<group>"; };
		29758CF82B44F95C00307B89 /* Assets.xcassets */ = {isa = PBXFileReference; lastKnownFileType = folder.assetcatalog; path = Assets.xcassets; sourceTree = "<group>"; };
		29758CFA2B44F95C00307B89 /* TabInjectionParameter.entitlements */ = {isa = PBXFileReference; lastKnownFileType = text.plist.entitlements; path = TabInjectionParameter.entitlements; sourceTree = "<group>"; };
		29758CFC2B44F95C00307B89 /* Preview Assets.xcassets */ = {isa = PBXFileReference; lastKnownFileType = folder.assetcatalog; path = "Preview Assets.xcassets"; sourceTree = "<group>"; };
		7E7A32C22B469BF50078DAFF /* AppDependency.swift */ = {isa = PBXFileReference; lastKnownFileType = sourcecode.swift; path = AppDependency.swift; sourceTree = "<group>"; };
		7E7A32C42B469C010078DAFF /* AppRouteBuilderGroup.swift */ = {isa = PBXFileReference; lastKnownFileType = sourcecode.swift; path = AppRouteBuilderGroup.swift; sourceTree = "<group>"; };
		7E7A32CA2B469CBD0078DAFF /* PathIndicator.swift */ = {isa = PBXFileReference; lastKnownFileType = sourcecode.swift; path = PathIndicator.swift; sourceTree = "<group>"; };
		7E7A32CF2B469D680078DAFF /* Tab1Page.swift */ = {isa = PBXFileReference; fileEncoding = 4; lastKnownFileType = sourcecode.swift; path = Tab1Page.swift; sourceTree = "<group>"; };
		7E7A32D02B469D680078DAFF /* Tab1RouteBuilder.swift */ = {isa = PBXFileReference; fileEncoding = 4; lastKnownFileType = sourcecode.swift; path = Tab1RouteBuilder.swift; sourceTree = "<group>"; };
		7E7A32D22B469D680078DAFF /* Tab2RouteBuilder.swift */ = {isa = PBXFileReference; fileEncoding = 4; lastKnownFileType = sourcecode.swift; path = Tab2RouteBuilder.swift; sourceTree = "<group>"; };
		7E7A32D32B469D680078DAFF /* Tab2Page.swift */ = {isa = PBXFileReference; fileEncoding = 4; lastKnownFileType = sourcecode.swift; path = Tab2Page.swift; sourceTree = "<group>"; };
		7E7A32D52B469D680078DAFF /* Tab3RouteBuilder.swift */ = {isa = PBXFileReference; fileEncoding = 4; lastKnownFileType = sourcecode.swift; path = Tab3RouteBuilder.swift; sourceTree = "<group>"; };
		7E7A32D62B469D680078DAFF /* Tab3Page.swift */ = {isa = PBXFileReference; fileEncoding = 4; lastKnownFileType = sourcecode.swift; path = Tab3Page.swift; sourceTree = "<group>"; };
		7E7A32D82B469D680078DAFF /* Tab4RouteBuilder.swift */ = {isa = PBXFileReference; fileEncoding = 4; lastKnownFileType = sourcecode.swift; path = Tab4RouteBuilder.swift; sourceTree = "<group>"; };
		7E7A32D92B469D680078DAFF /* Tab4Page.swift */ = {isa = PBXFileReference; fileEncoding = 4; lastKnownFileType = sourcecode.swift; path = Tab4Page.swift; sourceTree = "<group>"; };
		7E7A32DC2B469D680078DAFF /* Step4RouteBuilder.swift */ = {isa = PBXFileReference; fileEncoding = 4; lastKnownFileType = sourcecode.swift; path = Step4RouteBuilder.swift; sourceTree = "<group>"; };
		7E7A32DD2B469D680078DAFF /* Step4Page.swift */ = {isa = PBXFileReference; fileEncoding = 4; lastKnownFileType = sourcecode.swift; path = Step4Page.swift; sourceTree = "<group>"; };
		7E7A32DF2B469D680078DAFF /* Step3RouteBuilder.swift */ = {isa = PBXFileReference; fileEncoding = 4; lastKnownFileType = sourcecode.swift; path = Step3RouteBuilder.swift; sourceTree = "<group>"; };
		7E7A32E02B469D680078DAFF /* Step3Page.swift */ = {isa = PBXFileReference; fileEncoding = 4; lastKnownFileType = sourcecode.swift; path = Step3Page.swift; sourceTree = "<group>"; };
		7E7A32E22B469D680078DAFF /* Step2RouteBuilder.swift */ = {isa = PBXFileReference; fileEncoding = 4; lastKnownFileType = sourcecode.swift; path = Step2RouteBuilder.swift; sourceTree = "<group>"; };
		7E7A32E32B469D680078DAFF /* Step2Page.swift */ = {isa = PBXFileReference; fileEncoding = 4; lastKnownFileType = sourcecode.swift; path = Step2Page.swift; sourceTree = "<group>"; };
		7E7A32E52B469D680078DAFF /* Step1RouteBuilder.swift */ = {isa = PBXFileReference; fileEncoding = 4; lastKnownFileType = sourcecode.swift; path = Step1RouteBuilder.swift; sourceTree = "<group>"; };
		7E7A32E62B469D680078DAFF /* Step1Page.swift */ = {isa = PBXFileReference; fileEncoding = 4; lastKnownFileType = sourcecode.swift; path = Step1Page.swift; sourceTree = "<group>"; };
/* End PBXFileReference section */

/* Begin PBXFrameworksBuildPhase section */
		29758CEE2B44F95B00307B89 /* Frameworks */ = {
			isa = PBXFrameworksBuildPhase;
			buildActionMask = 2147483647;
			files = (
				29AB43432B4557C800C32F2A /* LinkNavigator in Frameworks */,
				29AB43462B4557D700C32F2A /* PageTemplate in Frameworks */,
			);
			runOnlyForDeploymentPostprocessing = 0;
		};
/* End PBXFrameworksBuildPhase section */

/* Begin PBXGroup section */
		29758CE82B44F95B00307B89 = {
			isa = PBXGroup;
			children = (
				29758CF32B44F95B00307B89 /* TabInjectionParameter */,
				29758CF22B44F95B00307B89 /* Products */,
			);
			sourceTree = "<group>";
		};
		29758CF22B44F95B00307B89 /* Products */ = {
			isa = PBXGroup;
			children = (
				29758CF12B44F95B00307B89 /* TabInjectionParameter.app */,
			);
			name = Products;
			sourceTree = "<group>";
		};
		29758CF32B44F95B00307B89 /* TabInjectionParameter */ = {
			isa = PBXGroup;
			children = (
				7E7A32C72B469C2D0078DAFF /* Pages */,
				7E7A32C62B469C280078DAFF /* Component */,
				29758CF42B44F95B00307B89 /* TabInjectionParameterApp.swift */,
				7E7A32C42B469C010078DAFF /* AppRouteBuilderGroup.swift */,
				7E7A32C22B469BF50078DAFF /* AppDependency.swift */,
				29758CF82B44F95C00307B89 /* Assets.xcassets */,
				29758CFA2B44F95C00307B89 /* TabInjectionParameter.entitlements */,
				29758CFB2B44F95C00307B89 /* Preview Content */,
			);
			path = TabInjectionParameter;
			sourceTree = "<group>";
		};
		29758CFB2B44F95C00307B89 /* Preview Content */ = {
			isa = PBXGroup;
			children = (
				29758CFC2B44F95C00307B89 /* Preview Assets.xcassets */,
			);
			path = "Preview Content";
			sourceTree = "<group>";
		};
		7E7A32C62B469C280078DAFF /* Component */ = {
			isa = PBXGroup;
			children = (
				7E7A32CA2B469CBD0078DAFF /* PathIndicator.swift */,
			);
			path = Component;
			sourceTree = "<group>";
		};
		7E7A32C72B469C2D0078DAFF /* Pages */ = {
			isa = PBXGroup;
			children = (
				7E7A32DA2B469D680078DAFF /* Common */,
				7E7A32CE2B469D680078DAFF /* Tab1 */,
				7E7A32D12B469D680078DAFF /* Tab2 */,
				7E7A32D42B469D680078DAFF /* Tab3 */,
				7E7A32D72B469D680078DAFF /* Tab4 */,
			);
			path = Pages;
			sourceTree = "<group>";
		};
		7E7A32CE2B469D680078DAFF /* Tab1 */ = {
			isa = PBXGroup;
			children = (
				7E7A32CF2B469D680078DAFF /* Tab1Page.swift */,
				7E7A32D02B469D680078DAFF /* Tab1RouteBuilder.swift */,
			);
			path = Tab1;
			sourceTree = "<group>";
		};
		7E7A32D12B469D680078DAFF /* Tab2 */ = {
			isa = PBXGroup;
			children = (
				7E7A32D22B469D680078DAFF /* Tab2RouteBuilder.swift */,
				7E7A32D32B469D680078DAFF /* Tab2Page.swift */,
			);
			path = Tab2;
			sourceTree = "<group>";
		};
		7E7A32D42B469D680078DAFF /* Tab3 */ = {
			isa = PBXGroup;
			children = (
				7E7A32D52B469D680078DAFF /* Tab3RouteBuilder.swift */,
				7E7A32D62B469D680078DAFF /* Tab3Page.swift */,
			);
			path = Tab3;
			sourceTree = "<group>";
		};
		7E7A32D72B469D680078DAFF /* Tab4 */ = {
			isa = PBXGroup;
			children = (
				7E7A32D82B469D680078DAFF /* Tab4RouteBuilder.swift */,
				7E7A32D92B469D680078DAFF /* Tab4Page.swift */,
			);
			path = Tab4;
			sourceTree = "<group>";
		};
		7E7A32DA2B469D680078DAFF /* Common */ = {
			isa = PBXGroup;
			children = (
				7E7A32DB2B469D680078DAFF /* Step4 */,
				7E7A32DE2B469D680078DAFF /* Step3 */,
				7E7A32E12B469D680078DAFF /* Step2 */,
				7E7A32E42B469D680078DAFF /* Step1 */,
			);
			path = Common;
			sourceTree = "<group>";
		};
		7E7A32DB2B469D680078DAFF /* Step4 */ = {
			isa = PBXGroup;
			children = (
				7E7A32DC2B469D680078DAFF /* Step4RouteBuilder.swift */,
				7E7A32DD2B469D680078DAFF /* Step4Page.swift */,
			);
			path = Step4;
			sourceTree = "<group>";
		};
		7E7A32DE2B469D680078DAFF /* Step3 */ = {
			isa = PBXGroup;
			children = (
				7E7A32DF2B469D680078DAFF /* Step3RouteBuilder.swift */,
				7E7A32E02B469D680078DAFF /* Step3Page.swift */,
			);
			path = Step3;
			sourceTree = "<group>";
		};
		7E7A32E12B469D680078DAFF /* Step2 */ = {
			isa = PBXGroup;
			children = (
				7E7A32E22B469D680078DAFF /* Step2RouteBuilder.swift */,
				7E7A32E32B469D680078DAFF /* Step2Page.swift */,
			);
			path = Step2;
			sourceTree = "<group>";
		};
		7E7A32E42B469D680078DAFF /* Step1 */ = {
			isa = PBXGroup;
			children = (
				7E7A32E52B469D680078DAFF /* Step1RouteBuilder.swift */,
				7E7A32E62B469D680078DAFF /* Step1Page.swift */,
			);
			path = Step1;
			sourceTree = "<group>";
		};
/* End PBXGroup section */

/* Begin PBXNativeTarget section */
		29758CF02B44F95B00307B89 /* TabInjectionParameter */ = {
			isa = PBXNativeTarget;
			buildConfigurationList = 29758D002B44F95C00307B89 /* Build configuration list for PBXNativeTarget "TabInjectionParameter" */;
			buildPhases = (
				29758CED2B44F95B00307B89 /* Sources */,
				29758CEE2B44F95B00307B89 /* Frameworks */,
				29758CEF2B44F95B00307B89 /* Resources */,
			);
			buildRules = (
			);
			dependencies = (
			);
			name = TabInjectionParameter;
			packageProductDependencies = (
				29AB43422B4557C800C32F2A /* LinkNavigator */,
				29AB43452B4557D700C32F2A /* PageTemplate */,
			);
			productName = TabInjectionParameter;
			productReference = 29758CF12B44F95B00307B89 /* TabInjectionParameter.app */;
			productType = "com.apple.product-type.application";
		};
/* End PBXNativeTarget section */

/* Begin PBXProject section */
		29758CE92B44F95B00307B89 /* Project object */ = {
			isa = PBXProject;
			attributes = {
				BuildIndependentTargetsInParallel = 1;
				LastSwiftUpdateCheck = 1510;
				LastUpgradeCheck = 1510;
				TargetAttributes = {
					29758CF02B44F95B00307B89 = {
						CreatedOnToolsVersion = 15.1;
					};
				};
			};
			buildConfigurationList = 29758CEC2B44F95B00307B89 /* Build configuration list for PBXProject "02-TabInjectionParameter" */;
			compatibilityVersion = "Xcode 14.0";
			developmentRegion = en;
			hasScannedForEncodings = 0;
			knownRegions = (
				en,
				Base,
			);
			mainGroup = 29758CE82B44F95B00307B89;
			packageReferences = (
				29AB43412B4557C800C32F2A /* XCLocalSwiftPackageReference "../../.." */,
				29AB43442B4557D700C32F2A /* XCLocalSwiftPackageReference "../../Shared/PageTemplate" */,
			);
			productRefGroup = 29758CF22B44F95B00307B89 /* Products */;
			projectDirPath = "";
			projectRoot = "";
			targets = (
				29758CF02B44F95B00307B89 /* TabInjectionParameter */,
			);
		};
/* End PBXProject section */

/* Begin PBXResourcesBuildPhase section */
		29758CEF2B44F95B00307B89 /* Resources */ = {
			isa = PBXResourcesBuildPhase;
			buildActionMask = 2147483647;
			files = (
				29758CFD2B44F95C00307B89 /* Preview Assets.xcassets in Resources */,
				29758CF92B44F95C00307B89 /* Assets.xcassets in Resources */,
			);
			runOnlyForDeploymentPostprocessing = 0;
		};
/* End PBXResourcesBuildPhase section */

/* Begin PBXSourcesBuildPhase section */
		29758CED2B44F95B00307B89 /* Sources */ = {
			isa = PBXSourcesBuildPhase;
			buildActionMask = 2147483647;
			files = (
				7E7A32F32B469D680078DAFF /* Step2RouteBuilder.swift in Sources */,
				7E7A32E92B469D680078DAFF /* Tab2RouteBuilder.swift in Sources */,
				7E7A32C32B469BF50078DAFF /* AppDependency.swift in Sources */,
				7E7A32EF2B469D680078DAFF /* Step4RouteBuilder.swift in Sources */,
				7E7A32ED2B469D680078DAFF /* Tab4RouteBuilder.swift in Sources */,
				7E7A32CB2B469CBD0078DAFF /* PathIndicator.swift in Sources */,
				7E7A32EB2B469D680078DAFF /* Tab3RouteBuilder.swift in Sources */,
				7E7A32F62B469D680078DAFF /* Step1Page.swift in Sources */,
				7E7A32E82B469D680078DAFF /* Tab1RouteBuilder.swift in Sources */,
				7E7A32F12B469D680078DAFF /* Step3RouteBuilder.swift in Sources */,
				7E7A32C52B469C010078DAFF /* AppRouteBuilderGroup.swift in Sources */,
				7E7A32F02B469D680078DAFF /* Step4Page.swift in Sources */,
				7E7A32EC2B469D680078DAFF /* Tab3Page.swift in Sources */,
				7E7A32F52B469D680078DAFF /* Step1RouteBuilder.swift in Sources */,
				7E7A32E72B469D680078DAFF /* Tab1Page.swift in Sources */,
				7E7A32F42B469D680078DAFF /* Step2Page.swift in Sources */,
				29758CF52B44F95B00307B89 /* TabInjectionParameterApp.swift in Sources */,
				7E7A32F22B469D680078DAFF /* Step3Page.swift in Sources */,
				7E7A32EE2B469D680078DAFF /* Tab4Page.swift in Sources */,
				7E7A32EA2B469D680078DAFF /* Tab2Page.swift in Sources */,
			);
			runOnlyForDeploymentPostprocessing = 0;
		};
/* End PBXSourcesBuildPhase section */

/* Begin XCBuildConfiguration section */
		29758CFE2B44F95C00307B89 /* Debug */ = {
			isa = XCBuildConfiguration;
			buildSettings = {
				ALWAYS_SEARCH_USER_PATHS = NO;
				ASSETCATALOG_COMPILER_GENERATE_SWIFT_ASSET_SYMBOL_EXTENSIONS = YES;
				CLANG_ANALYZER_NONNULL = YES;
				CLANG_ANALYZER_NUMBER_OBJECT_CONVERSION = YES_AGGRESSIVE;
				CLANG_CXX_LANGUAGE_STANDARD = "gnu++20";
				CLANG_ENABLE_MODULES = YES;
				CLANG_ENABLE_OBJC_ARC = YES;
				CLANG_ENABLE_OBJC_WEAK = YES;
				CLANG_WARN_BLOCK_CAPTURE_AUTORELEASING = YES;
				CLANG_WARN_BOOL_CONVERSION = YES;
				CLANG_WARN_COMMA = YES;
				CLANG_WARN_CONSTANT_CONVERSION = YES;
				CLANG_WARN_DEPRECATED_OBJC_IMPLEMENTATIONS = YES;
				CLANG_WARN_DIRECT_OBJC_ISA_USAGE = YES_ERROR;
				CLANG_WARN_DOCUMENTATION_COMMENTS = YES;
				CLANG_WARN_EMPTY_BODY = YES;
				CLANG_WARN_ENUM_CONVERSION = YES;
				CLANG_WARN_INFINITE_RECURSION = YES;
				CLANG_WARN_INT_CONVERSION = YES;
				CLANG_WARN_NON_LITERAL_NULL_CONVERSION = YES;
				CLANG_WARN_OBJC_IMPLICIT_RETAIN_SELF = YES;
				CLANG_WARN_OBJC_LITERAL_CONVERSION = YES;
				CLANG_WARN_OBJC_ROOT_CLASS = YES_ERROR;
				CLANG_WARN_QUOTED_INCLUDE_IN_FRAMEWORK_HEADER = YES;
				CLANG_WARN_RANGE_LOOP_ANALYSIS = YES;
				CLANG_WARN_STRICT_PROTOTYPES = YES;
				CLANG_WARN_SUSPICIOUS_MOVE = YES;
				CLANG_WARN_UNGUARDED_AVAILABILITY = YES_AGGRESSIVE;
				CLANG_WARN_UNREACHABLE_CODE = YES;
				CLANG_WARN__DUPLICATE_METHOD_MATCH = YES;
				COPY_PHASE_STRIP = NO;
				DEBUG_INFORMATION_FORMAT = dwarf;
				ENABLE_STRICT_OBJC_MSGSEND = YES;
				ENABLE_TESTABILITY = YES;
				ENABLE_USER_SCRIPT_SANDBOXING = YES;
				GCC_C_LANGUAGE_STANDARD = gnu17;
				GCC_DYNAMIC_NO_PIC = NO;
				GCC_NO_COMMON_BLOCKS = YES;
				GCC_OPTIMIZATION_LEVEL = 0;
				GCC_PREPROCESSOR_DEFINITIONS = (
					"DEBUG=1",
					"$(inherited)",
				);
				GCC_WARN_64_TO_32_BIT_CONVERSION = YES;
				GCC_WARN_ABOUT_RETURN_TYPE = YES_ERROR;
				GCC_WARN_UNDECLARED_SELECTOR = YES;
				GCC_WARN_UNINITIALIZED_AUTOS = YES_AGGRESSIVE;
				GCC_WARN_UNUSED_FUNCTION = YES;
				GCC_WARN_UNUSED_VARIABLE = YES;
				LOCALIZATION_PREFERS_STRING_CATALOGS = YES;
				MTL_ENABLE_DEBUG_INFO = INCLUDE_SOURCE;
				MTL_FAST_MATH = YES;
				ONLY_ACTIVE_ARCH = YES;
				SWIFT_ACTIVE_COMPILATION_CONDITIONS = "DEBUG $(inherited)";
				SWIFT_OPTIMIZATION_LEVEL = "-Onone";
			};
			name = Debug;
		};
		29758CFF2B44F95C00307B89 /* Release */ = {
			isa = XCBuildConfiguration;
			buildSettings = {
				ALWAYS_SEARCH_USER_PATHS = NO;
				ASSETCATALOG_COMPILER_GENERATE_SWIFT_ASSET_SYMBOL_EXTENSIONS = YES;
				CLANG_ANALYZER_NONNULL = YES;
				CLANG_ANALYZER_NUMBER_OBJECT_CONVERSION = YES_AGGRESSIVE;
				CLANG_CXX_LANGUAGE_STANDARD = "gnu++20";
				CLANG_ENABLE_MODULES = YES;
				CLANG_ENABLE_OBJC_ARC = YES;
				CLANG_ENABLE_OBJC_WEAK = YES;
				CLANG_WARN_BLOCK_CAPTURE_AUTORELEASING = YES;
				CLANG_WARN_BOOL_CONVERSION = YES;
				CLANG_WARN_COMMA = YES;
				CLANG_WARN_CONSTANT_CONVERSION = YES;
				CLANG_WARN_DEPRECATED_OBJC_IMPLEMENTATIONS = YES;
				CLANG_WARN_DIRECT_OBJC_ISA_USAGE = YES_ERROR;
				CLANG_WARN_DOCUMENTATION_COMMENTS = YES;
				CLANG_WARN_EMPTY_BODY = YES;
				CLANG_WARN_ENUM_CONVERSION = YES;
				CLANG_WARN_INFINITE_RECURSION = YES;
				CLANG_WARN_INT_CONVERSION = YES;
				CLANG_WARN_NON_LITERAL_NULL_CONVERSION = YES;
				CLANG_WARN_OBJC_IMPLICIT_RETAIN_SELF = YES;
				CLANG_WARN_OBJC_LITERAL_CONVERSION = YES;
				CLANG_WARN_OBJC_ROOT_CLASS = YES_ERROR;
				CLANG_WARN_QUOTED_INCLUDE_IN_FRAMEWORK_HEADER = YES;
				CLANG_WARN_RANGE_LOOP_ANALYSIS = YES;
				CLANG_WARN_STRICT_PROTOTYPES = YES;
				CLANG_WARN_SUSPICIOUS_MOVE = YES;
				CLANG_WARN_UNGUARDED_AVAILABILITY = YES_AGGRESSIVE;
				CLANG_WARN_UNREACHABLE_CODE = YES;
				CLANG_WARN__DUPLICATE_METHOD_MATCH = YES;
				COPY_PHASE_STRIP = NO;
				DEBUG_INFORMATION_FORMAT = "dwarf-with-dsym";
				ENABLE_NS_ASSERTIONS = NO;
				ENABLE_STRICT_OBJC_MSGSEND = YES;
				ENABLE_USER_SCRIPT_SANDBOXING = YES;
				GCC_C_LANGUAGE_STANDARD = gnu17;
				GCC_NO_COMMON_BLOCKS = YES;
				GCC_WARN_64_TO_32_BIT_CONVERSION = YES;
				GCC_WARN_ABOUT_RETURN_TYPE = YES_ERROR;
				GCC_WARN_UNDECLARED_SELECTOR = YES;
				GCC_WARN_UNINITIALIZED_AUTOS = YES_AGGRESSIVE;
				GCC_WARN_UNUSED_FUNCTION = YES;
				GCC_WARN_UNUSED_VARIABLE = YES;
				LOCALIZATION_PREFERS_STRING_CATALOGS = YES;
				MTL_ENABLE_DEBUG_INFO = NO;
				MTL_FAST_MATH = YES;
				SWIFT_COMPILATION_MODE = wholemodule;
			};
			name = Release;
		};
		29758D012B44F95C00307B89 /* Debug */ = {
			isa = XCBuildConfiguration;
			buildSettings = {
				ASSETCATALOG_COMPILER_APPICON_NAME = AppIcon;
				ASSETCATALOG_COMPILER_GLOBAL_ACCENT_COLOR_NAME = AccentColor;
				CODE_SIGN_ENTITLEMENTS = TabInjectionParameter/TabInjectionParameter.entitlements;
				CODE_SIGN_STYLE = Automatic;
				CURRENT_PROJECT_VERSION = 1;
				DEVELOPMENT_ASSET_PATHS = "\"TabInjectionParameter/Preview Content\"";
				ENABLE_PREVIEWS = YES;
				GENERATE_INFOPLIST_FILE = YES;
				"INFOPLIST_KEY_UIApplicationSceneManifest_Generation[sdk=iphoneos*]" = YES;
				"INFOPLIST_KEY_UIApplicationSceneManifest_Generation[sdk=iphonesimulator*]" = YES;
				"INFOPLIST_KEY_UIApplicationSupportsIndirectInputEvents[sdk=iphoneos*]" = YES;
				"INFOPLIST_KEY_UIApplicationSupportsIndirectInputEvents[sdk=iphonesimulator*]" = YES;
				"INFOPLIST_KEY_UILaunchScreen_Generation[sdk=iphoneos*]" = YES;
				"INFOPLIST_KEY_UILaunchScreen_Generation[sdk=iphonesimulator*]" = YES;
				"INFOPLIST_KEY_UIStatusBarStyle[sdk=iphoneos*]" = UIStatusBarStyleDefault;
				"INFOPLIST_KEY_UIStatusBarStyle[sdk=iphonesimulator*]" = UIStatusBarStyleDefault;
				INFOPLIST_KEY_UISupportedInterfaceOrientations_iPad = "UIInterfaceOrientationPortrait UIInterfaceOrientationPortraitUpsideDown UIInterfaceOrientationLandscapeLeft UIInterfaceOrientationLandscapeRight";
				INFOPLIST_KEY_UISupportedInterfaceOrientations_iPhone = "UIInterfaceOrientationPortrait UIInterfaceOrientationLandscapeLeft UIInterfaceOrientationLandscapeRight";
				IPHONEOS_DEPLOYMENT_TARGET = 14.0;
				LD_RUNPATH_SEARCH_PATHS = "@executable_path/Frameworks";
				"LD_RUNPATH_SEARCH_PATHS[sdk=macosx*]" = "@executable_path/../Frameworks";
				MACOSX_DEPLOYMENT_TARGET = 14.2;
				MARKETING_VERSION = 1.0;
				PRODUCT_BUNDLE_IDENTIFIER = io.forxifless.linknavigator.TabInjectionParameter;
				PRODUCT_NAME = "$(TARGET_NAME)";
				SDKROOT = auto;
				SUPPORTED_PLATFORMS = "iphoneos iphonesimulator";
				SUPPORTS_MACCATALYST = NO;
				SWIFT_EMIT_LOC_STRINGS = YES;
				SWIFT_VERSION = 6.0;
				TARGETED_DEVICE_FAMILY = "1,2";
			};
			name = Debug;
		};
		29758D022B44F95C00307B89 /* Release */ = {
			isa = XCBuildConfiguration;
			buildSettings = {
				ASSETCATALOG_COMPILER_APPICON_NAME = AppIcon;
				ASSETCATALOG_COMPILER_GLOBAL_ACCENT_COLOR_NAME = AccentColor;
				CODE_SIGN_ENTITLEMENTS = TabInjectionParameter/TabInjectionParameter.entitlements;
				CODE_SIGN_STYLE = Automatic;
				CURRENT_PROJECT_VERSION = 1;
				DEVELOPMENT_ASSET_PATHS = "\"TabInjectionParameter/Preview Content\"";
				ENABLE_PREVIEWS = YES;
				GENERATE_INFOPLIST_FILE = YES;
				"INFOPLIST_KEY_UIApplicationSceneManifest_Generation[sdk=iphoneos*]" = YES;
				"INFOPLIST_KEY_UIApplicationSceneManifest_Generation[sdk=iphonesimulator*]" = YES;
				"INFOPLIST_KEY_UIApplicationSupportsIndirectInputEvents[sdk=iphoneos*]" = YES;
				"INFOPLIST_KEY_UIApplicationSupportsIndirectInputEvents[sdk=iphonesimulator*]" = YES;
				"INFOPLIST_KEY_UILaunchScreen_Generation[sdk=iphoneos*]" = YES;
				"INFOPLIST_KEY_UILaunchScreen_Generation[sdk=iphonesimulator*]" = YES;
				"INFOPLIST_KEY_UIStatusBarStyle[sdk=iphoneos*]" = UIStatusBarStyleDefault;
				"INFOPLIST_KEY_UIStatusBarStyle[sdk=iphonesimulator*]" = UIStatusBarStyleDefault;
				INFOPLIST_KEY_UISupportedInterfaceOrientations_iPad = "UIInterfaceOrientationPortrait UIInterfaceOrientationPortraitUpsideDown UIInterfaceOrientationLandscapeLeft UIInterfaceOrientationLandscapeRight";
				INFOPLIST_KEY_UISupportedInterfaceOrientations_iPhone = "UIInterfaceOrientationPortrait UIInterfaceOrientationLandscapeLeft UIInterfaceOrientationLandscapeRight";
				IPHONEOS_DEPLOYMENT_TARGET = 14.0;
				LD_RUNPATH_SEARCH_PATHS = "@executable_path/Frameworks";
				"LD_RUNPATH_SEARCH_PATHS[sdk=macosx*]" = "@executable_path/../Frameworks";
				MACOSX_DEPLOYMENT_TARGET = 14.2;
				MARKETING_VERSION = 1.0;
				PRODUCT_BUNDLE_IDENTIFIER = io.forxifless.linknavigator.TabInjectionParameter;
				PRODUCT_NAME = "$(TARGET_NAME)";
				SDKROOT = auto;
				SUPPORTED_PLATFORMS = "iphoneos iphonesimulator";
				SUPPORTS_MACCATALYST = NO;
				SWIFT_EMIT_LOC_STRINGS = YES;
				SWIFT_VERSION = 6.0;
				TARGETED_DEVICE_FAMILY = "1,2";
			};
			name = Release;
		};
/* End XCBuildConfiguration section */

/* Begin XCConfigurationList section */
		29758CEC2B44F95B00307B89 /* Build configuration list for PBXProject "02-TabInjectionParameter" */ = {
			isa = XCConfigurationList;
			buildConfigurations = (
				29758CFE2B44F95C00307B89 /* Debug */,
				29758CFF2B44F95C00307B89 /* Release */,
			);
			defaultConfigurationIsVisible = 0;
			defaultConfigurationName = Release;
		};
		29758D002B44F95C00307B89 /* Build configuration list for PBXNativeTarget "TabInjectionParameter" */ = {
			isa = XCConfigurationList;
			buildConfigurations = (
				29758D012B44F95C00307B89 /* Debug */,
				29758D022B44F95C00307B89 /* Release */,
			);
			defaultConfigurationIsVisible = 0;
			defaultConfigurationName = Release;
		};
/* End XCConfigurationList section */

/* Begin XCLocalSwiftPackageReference section */
		29AB43412B4557C800C32F2A /* XCLocalSwiftPackageReference "../../.." */ = {
			isa = XCLocalSwiftPackageReference;
			relativePath = ../../..;
		};
		29AB43442B4557D700C32F2A /* XCLocalSwiftPackageReference "../../Shared/PageTemplate" */ = {
			isa = XCLocalSwiftPackageReference;
			relativePath = ../../Shared/PageTemplate;
		};
/* End XCLocalSwiftPackageReference section */

/* Begin XCSwiftPackageProductDependency section */
		29AB43422B4557C800C32F2A /* LinkNavigator */ = {
			isa = XCSwiftPackageProductDependency;
			productName = LinkNavigator;
		};
		29AB43452B4557D700C32F2A /* PageTemplate */ = {
			isa = XCSwiftPackageProductDependency;
			productName = PageTemplate;
		};
/* End XCSwiftPackageProductDependency section */
	};
	rootObject = 29758CE92B44F95B00307B89 /* Project object */;
}
