{
  "object": {
    "pins": [
      {
        "package": "combine-schedulers",
        "repositoryURL": "https://github.com/pointfreeco/combine-schedulers",
        "state": {
          "branch": null,
          "revision": "882ac01eb7ef9e36d4467eb4b1151e74fcef85ab",
          "version": "0.9.1"
        }
      },
      {
        "package": "swift-case-paths",
        "repositoryURL": "https://github.com/pointfreeco/swift-case-paths",
        "state": {
          "branch": null,
          "revision": "c3a42e8d1a76ff557cf565ed6d8b0aee0e6e75af",
          "version": "0.11.0"
        }
      },
      {
        "package": "swift-clocks",
        "repositoryURL": "https://github.com/pointfreeco/swift-clocks",
        "state": {
          "branch": null,
          "revision": "20b25ca0dd88ebfb9111ec937814ddc5a8880172",
          "version": "0.2.0"
        }
      },
      {
        "package": "swift-collections",
        "repositoryURL": "https://github.com/apple/swift-collections",
        "state": {
          "branch": null,
          "revision": "937e904258d22af6e447a0b72c0bc67583ef64a2",
          "version": "1.0.4"
        }
      },
      {
        "package": "swift-composable-architecture",
        "repositoryURL": "https://github.com/pointfreeco/swift-composable-architecture",
        "state": {
          "branch": null,
          "revision": "6cf778a7da64de9508596a435aa0a5647885d71a",
          "version": "0.49.2"
        }
      },
      {
        "package": "swift-custom-dump",
        "repositoryURL": "https://github.com/pointfreeco/swift-custom-dump",
        "state": {
          "branch": null,
          "revision": "ead7d30cc224c3642c150b546f4f1080d1c411a8",
          "version": "0.6.1"
        }
      },
      {
        "package": "swift-dependencies",
        "repositoryURL": "https://github.com/pointfreeco/swift-dependencies",
        "state": {
          "branch": null,
          "revision": "7a094fcc6a4fcb34fbe625ecd3acd81b881a6dfb",
          "version": "0.1.3"
        }
      },
      {
        "package": "swift-identified-collections",
        "repositoryURL": "https://github.com/pointfreeco/swift-identified-collections",
        "state": {
          "branch": null,
          "revision": "fd34c544ad27f3ba6b19142b348005bfa85b6005",
          "version": "0.6.0"
        }
      },
      {
        "package": "swiftui-navigation",
        "repositoryURL": "https://github.com/pointfreeco/swiftui-navigation",
        "state": {
          "branch": null,
          "revision": "ddc01cdcddfd30ef7a966049b2e1d251e224ad93",
          "version": "0.5.0"
        }
      },
      {
        "package": "xctest-dynamic-overlay",
        "repositoryURL": "https://github.com/pointfreeco/xctest-dynamic-overlay",
        "state": {
          "branch": null,
          "revision": "16b23a295fa322eb957af98037f86791449de60f",
          "version": "0.8.1"
        }
      }
    ]
  },
  "version": 1
}
