// !$*UTF8*$!
{
	archiveVersion = 1;
	classes = {
	};
	objectVersion = 60;
	objects = {

/* Begin PBXBuildFile section */
		2922480A2B6B1500006CCA00 /* LogManager.swift in Sources */ = {isa = PBXBuildFile; fileRef = 292248092B6B1500006CCA00 /* LogManager.swift */; };
		2922480D2B6B1512006CCA00 /* Logging in Frameworks */ = {isa = PBXBuildFile; productRef = 2922480C2B6B1512006CCA00 /* Logging */; };
		299D54D92B45580D003B58EA /* LinkNavigator in Frameworks */ = {isa = PBXBuildFile; productRef = 299D54D82B45580D003B58EA /* LinkNavigator */; };
		299D54DC2B45581B003B58EA /* PageTemplate in Frameworks */ = {isa = PBXBuildFile; productRef = 299D54DB2B45581B003B58EA /* PageTemplate */; };
		29C639222B4500FA00FCFE0F /* TabEventSubscriberApp.swift in Sources */ = {isa = PBXBuildFile; fileRef = 29C639212B4500FA00FCFE0F /* TabEventSubscriberApp.swift */; };
		29C6392A2B4500FA00FCFE0F /* Preview Assets.xcassets in Resources */ = {isa = PBXBuildFile; fileRef = 29C639292B4500FA00FCFE0F /* Preview Assets.xcassets */; };
		7EE2D7BC2B58BFAE000DCB27 /* Assets.xcassets in Resources */ = {isa = PBXBuildFile; fileRef = 7EE2D79A2B58BFAE000DCB27 /* Assets.xcassets */; };
		7EE2D7BD2B58BFAE000DCB27 /* PathIndicator.swift in Sources */ = {isa = PBXBuildFile; fileRef = 7EE2D79C2B58BFAE000DCB27 /* PathIndicator.swift */; };
		7EE2D7BE2B58BFAE000DCB27 /* Tab1Page.swift in Sources */ = {isa = PBXBuildFile; fileRef = 7EE2D79F2B58BFAE000DCB27 /* Tab1Page.swift */; };
		7EE2D7BF2B58BFAE000DCB27 /* Tab1RouteBuilder.swift in Sources */ = {isa = PBXBuildFile; fileRef = 7EE2D7A02B58BFAE000DCB27 /* Tab1RouteBuilder.swift */; };
		7EE2D7C02B58BFAE000DCB27 /* Tab2RouteBuilder.swift in Sources */ = {isa = PBXBuildFile; fileRef = 7EE2D7A22B58BFAE000DCB27 /* Tab2RouteBuilder.swift */; };
		7EE2D7C12B58BFAE000DCB27 /* Tab2Page.swift in Sources */ = {isa = PBXBuildFile; fileRef = 7EE2D7A32B58BFAE000DCB27 /* Tab2Page.swift */; };
		7EE2D7C22B58BFAE000DCB27 /* Step4RouteBuilder.swift in Sources */ = {isa = PBXBuildFile; fileRef = 7EE2D7A62B58BFAE000DCB27 /* Step4RouteBuilder.swift */; };
		7EE2D7C32B58BFAE000DCB27 /* Step4Page.swift in Sources */ = {isa = PBXBuildFile; fileRef = 7EE2D7A72B58BFAE000DCB27 /* Step4Page.swift */; };
		7EE2D7C42B58BFAE000DCB27 /* Step3RouteBuilder.swift in Sources */ = {isa = PBXBuildFile; fileRef = 7EE2D7A92B58BFAE000DCB27 /* Step3RouteBuilder.swift */; };
		7EE2D7C52B58BFAE000DCB27 /* Step3Page.swift in Sources */ = {isa = PBXBuildFile; fileRef = 7EE2D7AA2B58BFAE000DCB27 /* Step3Page.swift */; };
		7EE2D7C62B58BFAE000DCB27 /* Step2RouteBuilder.swift in Sources */ = {isa = PBXBuildFile; fileRef = 7EE2D7AC2B58BFAE000DCB27 /* Step2RouteBuilder.swift */; };
		7EE2D7C72B58BFAE000DCB27 /* Step2Page.swift in Sources */ = {isa = PBXBuildFile; fileRef = 7EE2D7AD2B58BFAE000DCB27 /* Step2Page.swift */; };
		7EE2D7C82B58BFAE000DCB27 /* Step1RouteBuilder.swift in Sources */ = {isa = PBXBuildFile; fileRef = 7EE2D7AF2B58BFAE000DCB27 /* Step1RouteBuilder.swift */; };
		7EE2D7C92B58BFAE000DCB27 /* Step1Page.swift in Sources */ = {isa = PBXBuildFile; fileRef = 7EE2D7B02B58BFAE000DCB27 /* Step1Page.swift */; };
		7EE2D7CA2B58BFAE000DCB27 /* Tab3RouteBuilder.swift in Sources */ = {isa = PBXBuildFile; fileRef = 7EE2D7B22B58BFAE000DCB27 /* Tab3RouteBuilder.swift */; };
		7EE2D7CB2B58BFAE000DCB27 /* Tab3Page.swift in Sources */ = {isa = PBXBuildFile; fileRef = 7EE2D7B32B58BFAE000DCB27 /* Tab3Page.swift */; };
		7EE2D7CC2B58BFAE000DCB27 /* Tab4RouteBuilder.swift in Sources */ = {isa = PBXBuildFile; fileRef = 7EE2D7B52B58BFAE000DCB27 /* Tab4RouteBuilder.swift */; };
		7EE2D7CD2B58BFAE000DCB27 /* Tab4Page.swift in Sources */ = {isa = PBXBuildFile; fileRef = 7EE2D7B62B58BFAE000DCB27 /* Tab4Page.swift */; };
		7EE2D7CE2B58BFAE000DCB27 /* EventSubscriber.swift in Sources */ = {isa = PBXBuildFile; fileRef = 7EE2D7B72B58BFAE000DCB27 /* EventSubscriber.swift */; };
		7EE2D7CF2B58BFAE000DCB27 /* AppRouterBuilderGroup.swift in Sources */ = {isa = PBXBuildFile; fileRef = 7EE2D7B82B58BFAE000DCB27 /* AppRouterBuilderGroup.swift */; };
		7EE2D7D02B58BFAE000DCB27 /* Preview Assets.xcassets in Resources */ = {isa = PBXBuildFile; fileRef = 7EE2D7BA2B58BFAE000DCB27 /* Preview Assets.xcassets */; };
		7EE2D7D12B58BFAE000DCB27 /* AppDependency.swift in Sources */ = {isa = PBXBuildFile; fileRef = 7EE2D7BB2B58BFAE000DCB27 /* AppDependency.swift */; };
/* End PBXBuildFile section */

/* Begin PBXFileReference section */
		292248092B6B1500006CCA00 /* LogManager.swift */ = {isa = PBXFileReference; lastKnownFileType = sourcecode.swift; path = LogManager.swift; sourceTree = "<group>"; };
		29C6391E2B4500FA00FCFE0F /* TabEventSubscriber.app */ = {isa = PBXFileReference; explicitFileType = wrapper.application; includeInIndex = 0; path = TabEventSubscriber.app; sourceTree = BUILT_PRODUCTS_DIR; };
		29C639212B4500FA00FCFE0F /* TabEventSubscriberApp.swift */ = {isa = PBXFileReference; lastKnownFileType = sourcecode.swift; path = TabEventSubscriberApp.swift; sourceTree = "<group>"; };
		29C639272B4500FA00FCFE0F /* TabEventSubscriber.entitlements */ = {isa = PBXFileReference; lastKnownFileType = text.plist.entitlements; path = TabEventSubscriber.entitlements; sourceTree = "<group>"; };
		29C639292B4500FA00FCFE0F /* Preview Assets.xcassets */ = {isa = PBXFileReference; lastKnownFileType = folder.assetcatalog; path = "Preview Assets.xcassets"; sourceTree = "<group>"; };
		7EE2D79A2B58BFAE000DCB27 /* Assets.xcassets */ = {isa = PBXFileReference; lastKnownFileType = folder.assetcatalog; path = Assets.xcassets; sourceTree = "<group>"; };
		7EE2D79C2B58BFAE000DCB27 /* PathIndicator.swift */ = {isa = PBXFileReference; fileEncoding = 4; lastKnownFileType = sourcecode.swift; path = PathIndicator.swift; sourceTree = "<group>"; };
		7EE2D79F2B58BFAE000DCB27 /* Tab1Page.swift */ = {isa = PBXFileReference; fileEncoding = 4; lastKnownFileType = sourcecode.swift; path = Tab1Page.swift; sourceTree = "<group>"; };
		7EE2D7A02B58BFAE000DCB27 /* Tab1RouteBuilder.swift */ = {isa = PBXFileReference; fileEncoding = 4; lastKnownFileType = sourcecode.swift; path = Tab1RouteBuilder.swift; sourceTree = "<group>"; };
		7EE2D7A22B58BFAE000DCB27 /* Tab2RouteBuilder.swift */ = {isa = PBXFileReference; fileEncoding = 4; lastKnownFileType = sourcecode.swift; path = Tab2RouteBuilder.swift; sourceTree = "<group>"; };
		7EE2D7A32B58BFAE000DCB27 /* Tab2Page.swift */ = {isa = PBXFileReference; fileEncoding = 4; lastKnownFileType = sourcecode.swift; path = Tab2Page.swift; sourceTree = "<group>"; };
		7EE2D7A62B58BFAE000DCB27 /* Step4RouteBuilder.swift */ = {isa = PBXFileReference; fileEncoding = 4; lastKnownFileType = sourcecode.swift; path = Step4RouteBuilder.swift; sourceTree = "<group>"; };
		7EE2D7A72B58BFAE000DCB27 /* Step4Page.swift */ = {isa = PBXFileReference; fileEncoding = 4; lastKnownFileType = sourcecode.swift; path = Step4Page.swift; sourceTree = "<group>"; };
		7EE2D7A92B58BFAE000DCB27 /* Step3RouteBuilder.swift */ = {isa = PBXFileReference; fileEncoding = 4; lastKnownFileType = sourcecode.swift; path = Step3RouteBuilder.swift; sourceTree = "<group>"; };
		7EE2D7AA2B58BFAE000DCB27 /* Step3Page.swift */ = {isa = PBXFileReference; fileEncoding = 4; lastKnownFileType = sourcecode.swift; path = Step3Page.swift; sourceTree = "<group>"; };
		7EE2D7AC2B58BFAE000DCB27 /* Step2RouteBuilder.swift */ = {isa = PBXFileReference; fileEncoding = 4; lastKnownFileType = sourcecode.swift; path = Step2RouteBuilder.swift; sourceTree = "<group>"; };
		7EE2D7AD2B58BFAE000DCB27 /* Step2Page.swift */ = {isa = PBXFileReference; fileEncoding = 4; lastKnownFileType = sourcecode.swift; path = Step2Page.swift; sourceTree = "<group>"; };
		7EE2D7AF2B58BFAE000DCB27 /* Step1RouteBuilder.swift */ = {isa = PBXFileReference; fileEncoding = 4; lastKnownFileType = sourcecode.swift; path = Step1RouteBuilder.swift; sourceTree = "<group>"; };
		7EE2D7B02B58BFAE000DCB27 /* Step1Page.swift */ = {isa = PBXFileReference; fileEncoding = 4; lastKnownFileType = sourcecode.swift; path = Step1Page.swift; sourceTree = "<group>"; };
		7EE2D7B22B58BFAE000DCB27 /* Tab3RouteBuilder.swift */ = {isa = PBXFileReference; fileEncoding = 4; lastKnownFileType = sourcecode.swift; path = Tab3RouteBuilder.swift; sourceTree = "<group>"; };
		7EE2D7B32B58BFAE000DCB27 /* Tab3Page.swift */ = {isa = PBXFileReference; fileEncoding = 4; lastKnownFileType = sourcecode.swift; path = Tab3Page.swift; sourceTree = "<group>"; };
		7EE2D7B52B58BFAE000DCB27 /* Tab4RouteBuilder.swift */ = {isa = PBXFileReference; fileEncoding = 4; lastKnownFileType = sourcecode.swift; path = Tab4RouteBuilder.swift; sourceTree = "<group>"; };
		7EE2D7B62B58BFAE000DCB27 /* Tab4Page.swift */ = {isa = PBXFileReference; fileEncoding = 4; lastKnownFileType = sourcecode.swift; path = Tab4Page.swift; sourceTree = "<group>"; };
		7EE2D7B72B58BFAE000DCB27 /* EventSubscriber.swift */ = {isa = PBXFileReference; fileEncoding = 4; lastKnownFileType = sourcecode.swift; path = EventSubscriber.swift; sourceTree = "<group>"; };
		7EE2D7B82B58BFAE000DCB27 /* AppRouterBuilderGroup.swift */ = {isa = PBXFileReference; fileEncoding = 4; lastKnownFileType = sourcecode.swift; path = AppRouterBuilderGroup.swift; sourceTree = "<group>"; };
		7EE2D7BA2B58BFAE000DCB27 /* Preview Assets.xcassets */ = {isa = PBXFileReference; lastKnownFileType = folder.assetcatalog; path = "Preview Assets.xcassets"; sourceTree = "<group>"; };
		7EE2D7BB2B58BFAE000DCB27 /* AppDependency.swift */ = {isa = PBXFileReference; fileEncoding = 4; lastKnownFileType = sourcecode.swift; path = AppDependency.swift; sourceTree = "<group>"; };
/* End PBXFileReference section */

/* Begin PBXFrameworksBuildPhase section */
		29C6391B2B4500FA00FCFE0F /* Frameworks */ = {
			isa = PBXFrameworksBuildPhase;
			buildActionMask = 2147483647;
			files = (
				2922480D2B6B1512006CCA00 /* Logging in Frameworks */,
				299D54D92B45580D003B58EA /* LinkNavigator in Frameworks */,
				299D54DC2B45581B003B58EA /* PageTemplate in Frameworks */,
			);
			runOnlyForDeploymentPostprocessing = 0;
		};
/* End PBXFrameworksBuildPhase section */

/* Begin PBXGroup section */
		29C639152B4500F900FCFE0F = {
			isa = PBXGroup;
			children = (
				29C639202B4500FA00FCFE0F /* TabEventSubscriber */,
				29C6391F2B4500FA00FCFE0F /* Products */,
			);
			sourceTree = "<group>";
		};
		29C6391F2B4500FA00FCFE0F /* Products */ = {
			isa = PBXGroup;
			children = (
				29C6391E2B4500FA00FCFE0F /* TabEventSubscriber.app */,
			);
			name = Products;
			sourceTree = "<group>";
		};
		29C639202B4500FA00FCFE0F /* TabEventSubscriber */ = {
			isa = PBXGroup;
			children = (
				29C639212B4500FA00FCFE0F /* TabEventSubscriberApp.swift */,
				292248092B6B1500006CCA00 /* LogManager.swift */,
				7EE2D7BB2B58BFAE000DCB27 /* AppDependency.swift */,
				7EE2D7B82B58BFAE000DCB27 /* AppRouterBuilderGroup.swift */,
				7EE2D79A2B58BFAE000DCB27 /* Assets.xcassets */,
				7EE2D79B2B58BFAE000DCB27 /* Component */,
				7EE2D79D2B58BFAE000DCB27 /* Pages */,
				7EE2D7B92B58BFAE000DCB27 /* Preview Content */,
				29C639272B4500FA00FCFE0F /* TabEventSubscriber.entitlements */,
				29C639282B4500FA00FCFE0F /* Preview Content */,
			);
			path = TabEventSubscriber;
			sourceTree = "<group>";
		};
		29C639282B4500FA00FCFE0F /* Preview Content */ = {
			isa = PBXGroup;
			children = (
				29C639292B4500FA00FCFE0F /* Preview Assets.xcassets */,
			);
			path = "Preview Content";
			sourceTree = "<group>";
		};
		7EE2D79B2B58BFAE000DCB27 /* Component */ = {
			isa = PBXGroup;
			children = (
				7EE2D79C2B58BFAE000DCB27 /* PathIndicator.swift */,
			);
			path = Component;
			sourceTree = "<group>";
		};
		7EE2D79D2B58BFAE000DCB27 /* Pages */ = {
			isa = PBXGroup;
			children = (
				7EE2D79E2B58BFAE000DCB27 /* Tab1 */,
				7EE2D7A12B58BFAE000DCB27 /* Tab2 */,
				7EE2D7A42B58BFAE000DCB27 /* Common */,
				7EE2D7B12B58BFAE000DCB27 /* Tab3 */,
				7EE2D7B42B58BFAE000DCB27 /* Tab4 */,
				7EE2D7B72B58BFAE000DCB27 /* EventSubscriber.swift */,
			);
			path = Pages;
			sourceTree = "<group>";
		};
		7EE2D79E2B58BFAE000DCB27 /* Tab1 */ = {
			isa = PBXGroup;
			children = (
				7EE2D79F2B58BFAE000DCB27 /* Tab1Page.swift */,
				7EE2D7A02B58BFAE000DCB27 /* Tab1RouteBuilder.swift */,
			);
			path = Tab1;
			sourceTree = "<group>";
		};
		7EE2D7A12B58BFAE000DCB27 /* Tab2 */ = {
			isa = PBXGroup;
			children = (
				7EE2D7A22B58BFAE000DCB27 /* Tab2RouteBuilder.swift */,
				7EE2D7A32B58BFAE000DCB27 /* Tab2Page.swift */,
			);
			path = Tab2;
			sourceTree = "<group>";
		};
		7EE2D7A42B58BFAE000DCB27 /* Common */ = {
			isa = PBXGroup;
			children = (
				7EE2D7A52B58BFAE000DCB27 /* Step4 */,
				7EE2D7A82B58BFAE000DCB27 /* Step3 */,
				7EE2D7AB2B58BFAE000DCB27 /* Step2 */,
				7EE2D7AE2B58BFAE000DCB27 /* Step1 */,
			);
			path = Common;
			sourceTree = "<group>";
		};
		7EE2D7A52B58BFAE000DCB27 /* Step4 */ = {
			isa = PBXGroup;
			children = (
				7EE2D7A62B58BFAE000DCB27 /* Step4RouteBuilder.swift */,
				7EE2D7A72B58BFAE000DCB27 /* Step4Page.swift */,
			);
			path = Step4;
			sourceTree = "<group>";
		};
		7EE2D7A82B58BFAE000DCB27 /* Step3 */ = {
			isa = PBXGroup;
			children = (
				7EE2D7A92B58BFAE000DCB27 /* Step3RouteBuilder.swift */,
				7EE2D7AA2B58BFAE000DCB27 /* Step3Page.swift */,
			);
			path = Step3;
			sourceTree = "<group>";
		};
		7EE2D7AB2B58BFAE000DCB27 /* Step2 */ = {
			isa = PBXGroup;
			children = (
				7EE2D7AC2B58BFAE000DCB27 /* Step2RouteBuilder.swift */,
				7EE2D7AD2B58BFAE000DCB27 /* Step2Page.swift */,
			);
			path = Step2;
			sourceTree = "<group>";
		};
		7EE2D7AE2B58BFAE000DCB27 /* Step1 */ = {
			isa = PBXGroup;
			children = (
				7EE2D7AF2B58BFAE000DCB27 /* Step1RouteBuilder.swift */,
				7EE2D7B02B58BFAE000DCB27 /* Step1Page.swift */,
			);
			path = Step1;
			sourceTree = "<group>";
		};
		7EE2D7B12B58BFAE000DCB27 /* Tab3 */ = {
			isa = PBXGroup;
			children = (
				7EE2D7B22B58BFAE000DCB27 /* Tab3RouteBuilder.swift */,
				7EE2D7B32B58BFAE000DCB27 /* Tab3Page.swift */,
			);
			path = Tab3;
			sourceTree = "<group>";
		};
		7EE2D7B42B58BFAE000DCB27 /* Tab4 */ = {
			isa = PBXGroup;
			children = (
				7EE2D7B52B58BFAE000DCB27 /* Tab4RouteBuilder.swift */,
				7EE2D7B62B58BFAE000DCB27 /* Tab4Page.swift */,
			);
			path = Tab4;
			sourceTree = "<group>";
		};
		7EE2D7B92B58BFAE000DCB27 /* Preview Content */ = {
			isa = PBXGroup;
			children = (
				7EE2D7BA2B58BFAE000DCB27 /* Preview Assets.xcassets */,
			);
			path = "Preview Content";
			sourceTree = "<group>";
		};
/* End PBXGroup section */

/* Begin PBXNativeTarget section */
		29C6391D2B4500FA00FCFE0F /* TabEventSubscriber */ = {
			isa = PBXNativeTarget;
			buildConfigurationList = 29C6392D2B4500FA00FCFE0F /* Build configuration list for PBXNativeTarget "TabEventSubscriber" */;
			buildPhases = (
				29C6391A2B4500FA00FCFE0F /* Sources */,
				29C6391B2B4500FA00FCFE0F /* Frameworks */,
				29C6391C2B4500FA00FCFE0F /* Resources */,
			);
			buildRules = (
			);
			dependencies = (
			);
			name = TabEventSubscriber;
			packageProductDependencies = (
				299D54D82B45580D003B58EA /* LinkNavigator */,
				299D54DB2B45581B003B58EA /* PageTemplate */,
				2922480C2B6B1512006CCA00 /* Logging */,
			);
			productName = TabEventSubscriber;
			productReference = 29C6391E2B4500FA00FCFE0F /* TabEventSubscriber.app */;
			productType = "com.apple.product-type.application";
		};
/* End PBXNativeTarget section */

/* Begin PBXProject section */
		29C639162B4500F900FCFE0F /* Project object */ = {
			isa = PBXProject;
			attributes = {
				BuildIndependentTargetsInParallel = 1;
				LastSwiftUpdateCheck = 1510;
				LastUpgradeCheck = 1510;
				TargetAttributes = {
					29C6391D2B4500FA00FCFE0F = {
						CreatedOnToolsVersion = 15.1;
					};
				};
			};
			buildConfigurationList = 29C639192B4500F900FCFE0F /* Build configuration list for PBXProject "03-TabEventSubscriber" */;
			compatibilityVersion = "Xcode 14.0";
			developmentRegion = en;
			hasScannedForEncodings = 0;
			knownRegions = (
				en,
				Base,
			);
			mainGroup = 29C639152B4500F900FCFE0F;
			packageReferences = (
				299D54D72B45580D003B58EA /* XCLocalSwiftPackageReference "../../.." */,
				299D54DA2B45581B003B58EA /* XCLocalSwiftPackageReference "../../Shared/PageTemplate" */,
				2922480B2B6B1512006CCA00 /* XCRemoteSwiftPackageReference "swift-log" */,
			);
			productRefGroup = 29C6391F2B4500FA00FCFE0F /* Products */;
			projectDirPath = "";
			projectRoot = "";
			targets = (
				29C6391D2B4500FA00FCFE0F /* TabEventSubscriber */,
			);
		};
/* End PBXProject section */

/* Begin PBXResourcesBuildPhase section */
		29C6391C2B4500FA00FCFE0F /* Resources */ = {
			isa = PBXResourcesBuildPhase;
			buildActionMask = 2147483647;
			files = (
				7EE2D7D02B58BFAE000DCB27 /* Preview Assets.xcassets in Resources */,
				29C6392A2B4500FA00FCFE0F /* Preview Assets.xcassets in Resources */,
				7EE2D7BC2B58BFAE000DCB27 /* Assets.xcassets in Resources */,
			);
			runOnlyForDeploymentPostprocessing = 0;
		};
/* End PBXResourcesBuildPhase section */

/* Begin PBXSourcesBuildPhase section */
		29C6391A2B4500FA00FCFE0F /* Sources */ = {
			isa = PBXSourcesBuildPhase;
			buildActionMask = 2147483647;
			files = (
				7EE2D7CB2B58BFAE000DCB27 /* Tab3Page.swift in Sources */,
				7EE2D7C92B58BFAE000DCB27 /* Step1Page.swift in Sources */,
				7EE2D7C62B58BFAE000DCB27 /* Step2RouteBuilder.swift in Sources */,
				7EE2D7C42B58BFAE000DCB27 /* Step3RouteBuilder.swift in Sources */,
				7EE2D7CF2B58BFAE000DCB27 /* AppRouterBuilderGroup.swift in Sources */,
				7EE2D7C02B58BFAE000DCB27 /* Tab2RouteBuilder.swift in Sources */,
				7EE2D7D12B58BFAE000DCB27 /* AppDependency.swift in Sources */,
				7EE2D7BD2B58BFAE000DCB27 /* PathIndicator.swift in Sources */,
				7EE2D7C82B58BFAE000DCB27 /* Step1RouteBuilder.swift in Sources */,
				7EE2D7C22B58BFAE000DCB27 /* Step4RouteBuilder.swift in Sources */,
				7EE2D7C52B58BFAE000DCB27 /* Step3Page.swift in Sources */,
				7EE2D7BE2B58BFAE000DCB27 /* Tab1Page.swift in Sources */,
				2922480A2B6B1500006CCA00 /* LogManager.swift in Sources */,
				29C639222B4500FA00FCFE0F /* TabEventSubscriberApp.swift in Sources */,
				7EE2D7CE2B58BFAE000DCB27 /* EventSubscriber.swift in Sources */,
				7EE2D7CD2B58BFAE000DCB27 /* Tab4Page.swift in Sources */,
				7EE2D7CC2B58BFAE000DCB27 /* Tab4RouteBuilder.swift in Sources */,
				7EE2D7BF2B58BFAE000DCB27 /* Tab1RouteBuilder.swift in Sources */,
				7EE2D7C72B58BFAE000DCB27 /* Step2Page.swift in Sources */,
				7EE2D7C12B58BFAE000DCB27 /* Tab2Page.swift in Sources */,
				7EE2D7CA2B58BFAE000DCB27 /* Tab3RouteBuilder.swift in Sources */,
				7EE2D7C32B58BFAE000DCB27 /* Step4Page.swift in Sources */,
			);
			runOnlyForDeploymentPostprocessing = 0;
		};
/* End PBXSourcesBuildPhase section */

/* Begin XCBuildConfiguration section */
		29C6392B2B4500FA00FCFE0F /* Debug */ = {
			isa = XCBuildConfiguration;
			buildSettings = {
				ALWAYS_SEARCH_USER_PATHS = NO;
				ASSETCATALOG_COMPILER_GENERATE_SWIFT_ASSET_SYMBOL_EXTENSIONS = YES;
				CLANG_ANALYZER_NONNULL = YES;
				CLANG_ANALYZER_NUMBER_OBJECT_CONVERSION = YES_AGGRESSIVE;
				CLANG_CXX_LANGUAGE_STANDARD = "gnu++20";
				CLANG_ENABLE_MODULES = YES;
				CLANG_ENABLE_OBJC_ARC = YES;
				CLANG_ENABLE_OBJC_WEAK = YES;
				CLANG_WARN_BLOCK_CAPTURE_AUTORELEASING = YES;
				CLANG_WARN_BOOL_CONVERSION = YES;
				CLANG_WARN_COMMA = YES;
				CLANG_WARN_CONSTANT_CONVERSION = YES;
				CLANG_WARN_DEPRECATED_OBJC_IMPLEMENTATIONS = YES;
				CLANG_WARN_DIRECT_OBJC_ISA_USAGE = YES_ERROR;
				CLANG_WARN_DOCUMENTATION_COMMENTS = YES;
				CLANG_WARN_EMPTY_BODY = YES;
				CLANG_WARN_ENUM_CONVERSION = YES;
				CLANG_WARN_INFINITE_RECURSION = YES;
				CLANG_WARN_INT_CONVERSION = YES;
				CLANG_WARN_NON_LITERAL_NULL_CONVERSION = YES;
				CLANG_WARN_OBJC_IMPLICIT_RETAIN_SELF = YES;
				CLANG_WARN_OBJC_LITERAL_CONVERSION = YES;
				CLANG_WARN_OBJC_ROOT_CLASS = YES_ERROR;
				CLANG_WARN_QUOTED_INCLUDE_IN_FRAMEWORK_HEADER = YES;
				CLANG_WARN_RANGE_LOOP_ANALYSIS = YES;
				CLANG_WARN_STRICT_PROTOTYPES = YES;
				CLANG_WARN_SUSPICIOUS_MOVE = YES;
				CLANG_WARN_UNGUARDED_AVAILABILITY = YES_AGGRESSIVE;
				CLANG_WARN_UNREACHABLE_CODE = YES;
				CLANG_WARN__DUPLICATE_METHOD_MATCH = YES;
				COPY_PHASE_STRIP = NO;
				DEBUG_INFORMATION_FORMAT = dwarf;
				ENABLE_STRICT_OBJC_MSGSEND = YES;
				ENABLE_TESTABILITY = YES;
				ENABLE_USER_SCRIPT_SANDBOXING = YES;
				GCC_C_LANGUAGE_STANDARD = gnu17;
				GCC_DYNAMIC_NO_PIC = NO;
				GCC_NO_COMMON_BLOCKS = YES;
				GCC_OPTIMIZATION_LEVEL = 0;
				GCC_PREPROCESSOR_DEFINITIONS = (
					"DEBUG=1",
					"$(inherited)",
				);
				GCC_WARN_64_TO_32_BIT_CONVERSION = YES;
				GCC_WARN_ABOUT_RETURN_TYPE = YES_ERROR;
				GCC_WARN_UNDECLARED_SELECTOR = YES;
				GCC_WARN_UNINITIALIZED_AUTOS = YES_AGGRESSIVE;
				GCC_WARN_UNUSED_FUNCTION = YES;
				GCC_WARN_UNUSED_VARIABLE = YES;
				LOCALIZATION_PREFERS_STRING_CATALOGS = YES;
				MTL_ENABLE_DEBUG_INFO = INCLUDE_SOURCE;
				MTL_FAST_MATH = YES;
				ONLY_ACTIVE_ARCH = YES;
				SWIFT_ACTIVE_COMPILATION_CONDITIONS = "DEBUG $(inherited)";
				SWIFT_OPTIMIZATION_LEVEL = "-Onone";
			};
			name = Debug;
		};
		29C6392C2B4500FA00FCFE0F /* Release */ = {
			isa = XCBuildConfiguration;
			buildSettings = {
				ALWAYS_SEARCH_USER_PATHS = NO;
				ASSETCATALOG_COMPILER_GENERATE_SWIFT_ASSET_SYMBOL_EXTENSIONS = YES;
				CLANG_ANALYZER_NONNULL = YES;
				CLANG_ANALYZER_NUMBER_OBJECT_CONVERSION = YES_AGGRESSIVE;
				CLANG_CXX_LANGUAGE_STANDARD = "gnu++20";
				CLANG_ENABLE_MODULES = YES;
				CLANG_ENABLE_OBJC_ARC = YES;
				CLANG_ENABLE_OBJC_WEAK = YES;
				CLANG_WARN_BLOCK_CAPTURE_AUTORELEASING = YES;
				CLANG_WARN_BOOL_CONVERSION = YES;
				CLANG_WARN_COMMA = YES;
				CLANG_WARN_CONSTANT_CONVERSION = YES;
				CLANG_WARN_DEPRECATED_OBJC_IMPLEMENTATIONS = YES;
				CLANG_WARN_DIRECT_OBJC_ISA_USAGE = YES_ERROR;
				CLANG_WARN_DOCUMENTATION_COMMENTS = YES;
				CLANG_WARN_EMPTY_BODY = YES;
				CLANG_WARN_ENUM_CONVERSION = YES;
				CLANG_WARN_INFINITE_RECURSION = YES;
				CLANG_WARN_INT_CONVERSION = YES;
				CLANG_WARN_NON_LITERAL_NULL_CONVERSION = YES;
				CLANG_WARN_OBJC_IMPLICIT_RETAIN_SELF = YES;
				CLANG_WARN_OBJC_LITERAL_CONVERSION = YES;
				CLANG_WARN_OBJC_ROOT_CLASS = YES_ERROR;
				CLANG_WARN_QUOTED_INCLUDE_IN_FRAMEWORK_HEADER = YES;
				CLANG_WARN_RANGE_LOOP_ANALYSIS = YES;
				CLANG_WARN_STRICT_PROTOTYPES = YES;
				CLANG_WARN_SUSPICIOUS_MOVE = YES;
				CLANG_WARN_UNGUARDED_AVAILABILITY = YES_AGGRESSIVE;
				CLANG_WARN_UNREACHABLE_CODE = YES;
				CLANG_WARN__DUPLICATE_METHOD_MATCH = YES;
				COPY_PHASE_STRIP = NO;
				DEBUG_INFORMATION_FORMAT = "dwarf-with-dsym";
				ENABLE_NS_ASSERTIONS = NO;
				ENABLE_STRICT_OBJC_MSGSEND = YES;
				ENABLE_USER_SCRIPT_SANDBOXING = YES;
				GCC_C_LANGUAGE_STANDARD = gnu17;
				GCC_NO_COMMON_BLOCKS = YES;
				GCC_WARN_64_TO_32_BIT_CONVERSION = YES;
				GCC_WARN_ABOUT_RETURN_TYPE = YES_ERROR;
				GCC_WARN_UNDECLARED_SELECTOR = YES;
				GCC_WARN_UNINITIALIZED_AUTOS = YES_AGGRESSIVE;
				GCC_WARN_UNUSED_FUNCTION = YES;
				GCC_WARN_UNUSED_VARIABLE = YES;
				LOCALIZATION_PREFERS_STRING_CATALOGS = YES;
				MTL_ENABLE_DEBUG_INFO = NO;
				MTL_FAST_MATH = YES;
				SWIFT_COMPILATION_MODE = wholemodule;
			};
			name = Release;
		};
		29C6392E2B4500FA00FCFE0F /* Debug */ = {
			isa = XCBuildConfiguration;
			buildSettings = {
				ASSETCATALOG_COMPILER_APPICON_NAME = AppIcon;
				ASSETCATALOG_COMPILER_GLOBAL_ACCENT_COLOR_NAME = AccentColor;
				CODE_SIGN_ENTITLEMENTS = TabEventSubscriber/TabEventSubscriber.entitlements;
				CODE_SIGN_STYLE = Automatic;
				CURRENT_PROJECT_VERSION = 1;
				DEVELOPMENT_ASSET_PATHS = "\"TabEventSubscriber/Preview Content\"";
				ENABLE_PREVIEWS = YES;
				GENERATE_INFOPLIST_FILE = YES;
				"INFOPLIST_KEY_UIApplicationSceneManifest_Generation[sdk=iphoneos*]" = YES;
				"INFOPLIST_KEY_UIApplicationSceneManifest_Generation[sdk=iphonesimulator*]" = YES;
				"INFOPLIST_KEY_UIApplicationSupportsIndirectInputEvents[sdk=iphoneos*]" = YES;
				"INFOPLIST_KEY_UIApplicationSupportsIndirectInputEvents[sdk=iphonesimulator*]" = YES;
				"INFOPLIST_KEY_UILaunchScreen_Generation[sdk=iphoneos*]" = YES;
				"INFOPLIST_KEY_UILaunchScreen_Generation[sdk=iphonesimulator*]" = YES;
				"INFOPLIST_KEY_UIStatusBarStyle[sdk=iphoneos*]" = UIStatusBarStyleDefault;
				"INFOPLIST_KEY_UIStatusBarStyle[sdk=iphonesimulator*]" = UIStatusBarStyleDefault;
				INFOPLIST_KEY_UISupportedInterfaceOrientations_iPad = "UIInterfaceOrientationPortrait UIInterfaceOrientationPortraitUpsideDown UIInterfaceOrientationLandscapeLeft UIInterfaceOrientationLandscapeRight";
				INFOPLIST_KEY_UISupportedInterfaceOrientations_iPhone = "UIInterfaceOrientationPortrait UIInterfaceOrientationLandscapeLeft UIInterfaceOrientationLandscapeRight";
				IPHONEOS_DEPLOYMENT_TARGET = 14.0;
				LD_RUNPATH_SEARCH_PATHS = "@executable_path/Frameworks";
				"LD_RUNPATH_SEARCH_PATHS[sdk=macosx*]" = "@executable_path/../Frameworks";
				MACOSX_DEPLOYMENT_TARGET = 14.2;
				MARKETING_VERSION = 1.0;
				PRODUCT_BUNDLE_IDENTIFIER = io.forxifless.linknavigator.TabEventSubscriber;
				PRODUCT_NAME = "$(TARGET_NAME)";
				SDKROOT = auto;
				SUPPORTED_PLATFORMS = "iphoneos iphonesimulator";
				SUPPORTS_MACCATALYST = NO;
				SWIFT_EMIT_LOC_STRINGS = YES;
				SWIFT_VERSION = 6.0;
				TARGETED_DEVICE_FAMILY = "1,2";
			};
			name = Debug;
		};
		29C6392F2B4500FA00FCFE0F /* Release */ = {
			isa = XCBuildConfiguration;
			buildSettings = {
				ASSETCATALOG_COMPILER_APPICON_NAME = AppIcon;
				ASSETCATALOG_COMPILER_GLOBAL_ACCENT_COLOR_NAME = AccentColor;
				CODE_SIGN_ENTITLEMENTS = TabEventSubscriber/TabEventSubscriber.entitlements;
				CODE_SIGN_STYLE = Automatic;
				CURRENT_PROJECT_VERSION = 1;
				DEVELOPMENT_ASSET_PATHS = "\"TabEventSubscriber/Preview Content\"";
				ENABLE_PREVIEWS = YES;
				GENERATE_INFOPLIST_FILE = YES;
				"INFOPLIST_KEY_UIApplicationSceneManifest_Generation[sdk=iphoneos*]" = YES;
				"INFOPLIST_KEY_UIApplicationSceneManifest_Generation[sdk=iphonesimulator*]" = YES;
				"INFOPLIST_KEY_UIApplicationSupportsIndirectInputEvents[sdk=iphoneos*]" = YES;
				"INFOPLIST_KEY_UIApplicationSupportsIndirectInputEvents[sdk=iphonesimulator*]" = YES;
				"INFOPLIST_KEY_UILaunchScreen_Generation[sdk=iphoneos*]" = YES;
				"INFOPLIST_KEY_UILaunchScreen_Generation[sdk=iphonesimulator*]" = YES;
				"INFOPLIST_KEY_UIStatusBarStyle[sdk=iphoneos*]" = UIStatusBarStyleDefault;
				"INFOPLIST_KEY_UIStatusBarStyle[sdk=iphonesimulator*]" = UIStatusBarStyleDefault;
				INFOPLIST_KEY_UISupportedInterfaceOrientations_iPad = "UIInterfaceOrientationPortrait UIInterfaceOrientationPortraitUpsideDown UIInterfaceOrientationLandscapeLeft UIInterfaceOrientationLandscapeRight";
				INFOPLIST_KEY_UISupportedInterfaceOrientations_iPhone = "UIInterfaceOrientationPortrait UIInterfaceOrientationLandscapeLeft UIInterfaceOrientationLandscapeRight";
				IPHONEOS_DEPLOYMENT_TARGET = 14.0;
				LD_RUNPATH_SEARCH_PATHS = "@executable_path/Frameworks";
				"LD_RUNPATH_SEARCH_PATHS[sdk=macosx*]" = "@executable_path/../Frameworks";
				MACOSX_DEPLOYMENT_TARGET = 14.2;
				MARKETING_VERSION = 1.0;
				PRODUCT_BUNDLE_IDENTIFIER = io.forxifless.linknavigator.TabEventSubscriber;
				PRODUCT_NAME = "$(TARGET_NAME)";
				SDKROOT = auto;
				SUPPORTED_PLATFORMS = "iphoneos iphonesimulator";
				SUPPORTS_MACCATALYST = NO;
				SWIFT_EMIT_LOC_STRINGS = YES;
				SWIFT_VERSION = 6.0;
				TARGETED_DEVICE_FAMILY = "1,2";
			};
			name = Release;
		};
/* End XCBuildConfiguration section */

/* Begin XCConfigurationList section */
		29C639192B4500F900FCFE0F /* Build configuration list for PBXProject "03-TabEventSubscriber" */ = {
			isa = XCConfigurationList;
			buildConfigurations = (
				29C6392B2B4500FA00FCFE0F /* Debug */,
				29C6392C2B4500FA00FCFE0F /* Release */,
			);
			defaultConfigurationIsVisible = 0;
			defaultConfigurationName = Release;
		};
		29C6392D2B4500FA00FCFE0F /* Build configuration list for PBXNativeTarget "TabEventSubscriber" */ = {
			isa = XCConfigurationList;
			buildConfigurations = (
				29C6392E2B4500FA00FCFE0F /* Debug */,
				29C6392F2B4500FA00FCFE0F /* Release */,
			);
			defaultConfigurationIsVisible = 0;
			defaultConfigurationName = Release;
		};
/* End XCConfigurationList section */

/* Begin XCLocalSwiftPackageReference section */
		299D54D72B45580D003B58EA /* XCLocalSwiftPackageReference "../../.." */ = {
			isa = XCLocalSwiftPackageReference;
			relativePath = ../../..;
		};
		299D54DA2B45581B003B58EA /* XCLocalSwiftPackageReference "../../Shared/PageTemplate" */ = {
			isa = XCLocalSwiftPackageReference;
			relativePath = ../../Shared/PageTemplate;
		};
/* End XCLocalSwiftPackageReference section */

/* Begin XCRemoteSwiftPackageReference section */
		2922480B2B6B1512006CCA00 /* XCRemoteSwiftPackageReference "swift-log" */ = {
			isa = XCRemoteSwiftPackageReference;
			repositoryURL = "https://github.com/apple/swift-log";
			requirement = {
				kind = upToNextMajorVersion;
				minimumVersion = 1.5.4;
			};
		};
/* End XCRemoteSwiftPackageReference section */

/* Begin XCSwiftPackageProductDependency section */
		2922480C2B6B1512006CCA00 /* Logging */ = {
			isa = XCSwiftPackageProductDependency;
			package = 2922480B2B6B1512006CCA00 /* XCRemoteSwiftPackageReference "swift-log" */;
			productName = Logging;
		};
		299D54D82B45580D003B58EA /* LinkNavigator */ = {
			isa = XCSwiftPackageProductDependency;
			productName = LinkNavigator;
		};
		299D54DB2B45581B003B58EA /* PageTemplate */ = {
			isa = XCSwiftPackageProductDependency;
			productName = PageTemplate;
		};
/* End XCSwiftPackageProductDependency section */
	};
	rootObject = 29C639162B4500F900FCFE0F /* Project object */;
}
