{
  "originHash" : "bb9e2737c1f97e916f9e4c704318f739665f2247eb5a4813ef801c95711336a5",
  "pins" : [
    {
      "identity" : "swift-log",
      "kind" : "remoteSourceControl",
      "location" : "https://github.com/apple/swift-log",
      "state" : {
        "revision" : "9cb486020ebf03bfa5b5df985387a14a98744537",
        "version" : "1.6.1"
      }
    },
    {
      "identity" : "urlencodedform",
      "kind" : "remoteSourceControl",
      "location" : "https://github.com/interactord/URLEncodedForm",
      "state" : {
        "revision" : "5f51aa13d41b26fc8833cd040df3a3101768bb64",
        "version" : "1.0.8"
      }
    }
  ],
  "version" : 3
}
